PODS:
  - Alamofire (5.0.0-rc.2)
  - AlamofireObjectMapper (6.2.0):
    - Alamofire (= 5.0.0-rc.2)
    - ObjectMapper (~> 3.5.1)
  - AppTexts (0.0.2)
  - MBProgressHUD (1.2.0)
  - ObjectMapper (3.5.3)
  - SalahUtility (0.0.16):
    - AppTexts

DEPENDENCIES:
  - Alamofire (= 5.0.0-rc.2)
  - AlamofireObjectMapper
  - AppTexts (from `https://github.com/salah-mohammed/AppTexts.git`)
  - MBProgressHUD
  - ObjectMapper
  - SalahUtility (from `https://github.com/salah-mohammed/SalahUtility.git`)

SPEC REPOS:
  trunk:
    - Alamofire
    - AlamofireObjectMapper
    - MBProgressHUD
    - ObjectMapper

EXTERNAL SOURCES:
  AppTexts:
    :git: https://github.com/salah-mohammed/AppTexts.git
  SalahUtility:
    :git: https://github.com/salah-mohammed/SalahUtility.git

CHECKOUT OPTIONS:
  AppTexts:
    :commit: e7edef5b20d995e632cbb7deaa2e153c31fd7edc
    :git: https://github.com/salah-mohammed/AppTexts.git
  SalahUtility:
    :commit: 8694c1b735701218f01ffb909f48e670f0235978
    :git: https://github.com/salah-mohammed/SalahUtility.git

SPEC CHECKSUMS:
  Alamofire: f9450d3c7f6bea2ad62e7a541c3e9b186c7991d6
  AlamofireObjectMapper: 74d1440c92c42bbcc2b5f4dc81654ac095ec669f
  AppTexts: ae36eecd6b9a41458ceb60229c49ea11a6ad0cc5
  MBProgressHUD: 3ee5efcc380f6a79a7cc9b363dd669c5e1ae7406
  ObjectMapper: 97111c97e054a6ee25917662106689f0b4127b37
  SalahUtility: b8ae24c61a2132005bd2e07cb6d9ddfd55eecb8f

PODFILE CHECKSUM: e313c5a13971985835414e6320a26ab4959032b4

COCOAPODS: 1.15.0
