// !$*UTF8*$!
{
	archiveVersion = 1;
	classes = {
	};
	objectVersion = 56;
	objects = {

/* Begin PBXBuildFile section */
		31B0DDDCBE6056E1017D199B /* Pods_GeneralKitSwiftUIMacOsExample.framework in Frameworks */ = {isa = PBXBuildFile; fileRef = CF79ADAEA97AE0AA548AE8D5 /* Pods_GeneralKitSwiftUIMacOsExample.framework */; };
		4E57748E28E8BB790075C5B0 /* AppBaseRequest.swift in Sources */ = {isa = PBXBuildFile; fileRef = 4E57748D28E8BB790075C5B0 /* AppBaseRequest.swift */; };
		4E57749128E8BBB60075C5B0 /* NewRequest.swift in Sources */ = {isa = PBXBuildFile; fileRef = 4E57749028E8BBB60075C5B0 /* NewRequest.swift */; };
		4E57749428E8BC3C0075C5B0 /* BaseResponse.swift in Sources */ = {isa = PBXBuildFile; fileRef = 4E57749328E8BC3C0075C5B0 /* BaseResponse.swift */; };
		4E57749628E8BF060075C5B0 /* ItemsViewModel.swift in Sources */ = {isa = PBXBuildFile; fileRef = 4E57749528E8BF060075C5B0 /* ItemsViewModel.swift */; };
		4E57749828E8BF210075C5B0 /* ItemsView.swift in Sources */ = {isa = PBXBuildFile; fileRef = 4E57749728E8BF210075C5B0 /* ItemsView.swift */; };
		4E57749D28E8D2AA0075C5B0 /* ItemRequest.swift in Sources */ = {isa = PBXBuildFile; fileRef = 4E57749C28E8D2AA0075C5B0 /* ItemRequest.swift */; };
		4E6323F228EA06CA005DBE9B /* usersList4.json in Resources */ = {isa = PBXBuildFile; fileRef = 4E6323ED28EA06CA005DBE9B /* usersList4.json */; };
		4E6323F328EA06CA005DBE9B /* usersList2.json in Resources */ = {isa = PBXBuildFile; fileRef = 4E6323EE28EA06CA005DBE9B /* usersList2.json */; };
		4E6323F428EA06CA005DBE9B /* usersList3.json in Resources */ = {isa = PBXBuildFile; fileRef = 4E6323EF28EA06CA005DBE9B /* usersList3.json */; };
		4E6323F528EA06CA005DBE9B /* login.json in Resources */ = {isa = PBXBuildFile; fileRef = 4E6323F028EA06CA005DBE9B /* login.json */; };
		4E6323F628EA06CA005DBE9B /* usersList1.json in Resources */ = {isa = PBXBuildFile; fileRef = 4E6323F128EA06CA005DBE9B /* usersList1.json */; };
		4E6323FA28EA0CD0005DBE9B /* UserRequest.swift in Sources */ = {isa = PBXBuildFile; fileRef = 4E6323F928EA0CD0005DBE9B /* UserRequest.swift */; };
		4ECFD2E928DF1710006A5087 /* BaseRequest.swift in Sources */ = {isa = PBXBuildFile; fileRef = 4ECFD2E828DF170F006A5087 /* BaseRequest.swift */; };
		4ECFD2EB28DF175B006A5087 /* ValidationObject.swift in Sources */ = {isa = PBXBuildFile; fileRef = 4ECFD2EA28DF175B006A5087 /* ValidationObject.swift */; };
		4ECFD2F328DF415B006A5087 /* GeneralKitExampleApp.swift in Sources */ = {isa = PBXBuildFile; fileRef = 4ECFD2F228DF415B006A5087 /* GeneralKitExampleApp.swift */; };
		4ECFD2F528DF415B006A5087 /* ContentView.swift in Sources */ = {isa = PBXBuildFile; fileRef = 4ECFD2F428DF415B006A5087 /* ContentView.swift */; };
		4ECFD2F728DF415E006A5087 /* Assets.xcassets in Resources */ = {isa = PBXBuildFile; fileRef = 4ECFD2F628DF415E006A5087 /* Assets.xcassets */; };
		4ECFD2FB28DF415E006A5087 /* Preview Assets.xcassets in Resources */ = {isa = PBXBuildFile; fileRef = 4ECFD2FA28DF415E006A5087 /* Preview Assets.xcassets */; };
		4ECFD30028DF41B9006A5087 /* ContentViewModel.swift in Sources */ = {isa = PBXBuildFile; fileRef = 4ECFD2FF28DF41B9006A5087 /* ContentViewModel.swift */; };
		4ECFD30828DF4747006A5087 /* GeneralKit.framework in Embed Frameworks */ = {isa = PBXBuildFile; fileRef = 4E20239C28DE5190004DA975 /* GeneralKit.framework */; settings = {ATTRIBUTES = (CodeSignOnCopy, RemoveHeadersOnCopy, ); }; };
		4ECFD30F28DF515B006A5087 /* RequestBuilder.swift in Sources */ = {isa = PBXBuildFile; fileRef = 4ECFD30E28DF515A006A5087 /* RequestBuilder.swift */; };
		4EE7AF1528E8216F00B81C8B /* ResponseHandler.swift in Sources */ = {isa = PBXBuildFile; fileRef = 4EE7AF1428E8216F00B81C8B /* ResponseHandler.swift */; };
		4EE7AF1728E8249100B81C8B /* PaginationManager.swift in Sources */ = {isa = PBXBuildFile; fileRef = 4EE7AF1628E8249100B81C8B /* PaginationManager.swift */; };
		6CE38983F54E9F4EF1FD0662 /* Pods_GeneralKitExample.framework in Frameworks */ = {isa = PBXBuildFile; fileRef = D8856D2F0110DAB555B607AE /* Pods_GeneralKitExample.framework */; };
		75D6E0A951E7F2F99D55C27D /* Pods_GeneralKitUIKitExample.framework in Frameworks */ = {isa = PBXBuildFile; fileRef = 6AC6FB5EA3D1A4A21CD0852F /* Pods_GeneralKitUIKitExample.framework */; };
		8B091F46290BD54300D38C91 /* SectionHeaderCollectionView.swift in Sources */ = {isa = PBXBuildFile; fileRef = 8B091F45290BD54300D38C91 /* SectionHeaderCollectionView.swift */; };
		8B091F48290BD55800D38C91 /* SectionHeaderCollectionView.xib in Resources */ = {isa = PBXBuildFile; fileRef = 8B091F47290BD55800D38C91 /* SectionHeaderCollectionView.xib */; };
		8B091F4A290C290100D38C91 /* GeneralList.swift in Sources */ = {isa = PBXBuildFile; fileRef = 8B091F49290C290100D38C91 /* GeneralList.swift */; };
		8B091F4C290C327100D38C91 /* CollectionSectionListExampleViewController.swift in Sources */ = {isa = PBXBuildFile; fileRef = 8B091F4B290C327100D38C91 /* CollectionSectionListExampleViewController.swift */; };
		8B27DEDA2931438A00026312 /* NormalNetworkExampleViewModel.swift in Sources */ = {isa = PBXBuildFile; fileRef = 8B27DED82931438A00026312 /* NormalNetworkExampleViewModel.swift */; };
		8B27DEDB2931438A00026312 /* NormalNetworkExampleView.swift in Sources */ = {isa = PBXBuildFile; fileRef = 8B27DED92931438A00026312 /* NormalNetworkExampleView.swift */; };
		8B2A0BC628FD398C00244000 /* GeneralTableView.swift in Sources */ = {isa = PBXBuildFile; fileRef = 8B2A0BC528FD398C00244000 /* GeneralTableView.swift */; };
		8B2A0BD228FD57F400244000 /* ListPlaceHolderView.xib in Resources */ = {isa = PBXBuildFile; fileRef = 8B2A0BD028FD57F400244000 /* ListPlaceHolderView.xib */; platformFilter = ios; };
		8B2A0BD328FD57F400244000 /* ListPlaceHolderView.swift in Sources */ = {isa = PBXBuildFile; fileRef = 8B2A0BD128FD57F400244000 /* ListPlaceHolderView.swift */; };
		8B2A0BDB28FD605200244000 /* AppDelegate.swift in Sources */ = {isa = PBXBuildFile; fileRef = 8B2A0BDA28FD605200244000 /* AppDelegate.swift */; };
		8B2A0BDD28FD605200244000 /* SceneDelegate.swift in Sources */ = {isa = PBXBuildFile; fileRef = 8B2A0BDC28FD605200244000 /* SceneDelegate.swift */; };
		8B2A0BDF28FD605200244000 /* TableListExampleViewController.swift in Sources */ = {isa = PBXBuildFile; fileRef = 8B2A0BDE28FD605200244000 /* TableListExampleViewController.swift */; };
		8B2A0BE228FD605200244000 /* Main.storyboard in Resources */ = {isa = PBXBuildFile; fileRef = 8B2A0BE028FD605200244000 /* Main.storyboard */; };
		8B2A0BE428FD605200244000 /* Assets.xcassets in Resources */ = {isa = PBXBuildFile; fileRef = 8B2A0BE328FD605200244000 /* Assets.xcassets */; };
		8B2A0BE728FD605200244000 /* LaunchScreen.storyboard in Resources */ = {isa = PBXBuildFile; fileRef = 8B2A0BE528FD605200244000 /* LaunchScreen.storyboard */; };
		8B2A0BF228FD605300244000 /* GeneralKitUIKitExampleTests.swift in Sources */ = {isa = PBXBuildFile; fileRef = 8B2A0BF128FD605300244000 /* GeneralKitUIKitExampleTests.swift */; };
		8B2A0BFC28FD605300244000 /* GeneralKitUIKitExampleUITests.swift in Sources */ = {isa = PBXBuildFile; fileRef = 8B2A0BFB28FD605300244000 /* GeneralKitUIKitExampleUITests.swift */; };
		8B2A0BFE28FD605300244000 /* GeneralKitUIKitExampleUITestsLaunchTests.swift in Sources */ = {isa = PBXBuildFile; fileRef = 8B2A0BFD28FD605300244000 /* GeneralKitUIKitExampleUITestsLaunchTests.swift */; };
		8B376E4A2B275EEE00F75308 /* GeneralKit.framework in Frameworks */ = {isa = PBXBuildFile; fileRef = 4E20239C28DE5190004DA975 /* GeneralKit.framework */; };
		8B376E4B2B275F5400F75308 /* GeneralKit.framework in Frameworks */ = {isa = PBXBuildFile; fileRef = 4E20239C28DE5190004DA975 /* GeneralKit.framework */; };
		8B45381229D8DF21007966D1 /* RequestBuilderGroup.swift in Sources */ = {isa = PBXBuildFile; fileRef = 8B45381129D8DF21007966D1 /* RequestBuilderGroup.swift */; };
		8B4D270029AE7A0C00E51353 /* TableSectionView.xib in Resources */ = {isa = PBXBuildFile; fileRef = 8B4D26FE29AE7A0C00E51353 /* TableSectionView.xib */; };
		8B4D270129AE7A0C00E51353 /* TableSectionView.swift in Sources */ = {isa = PBXBuildFile; fileRef = 8B4D26FF29AE7A0C00E51353 /* TableSectionView.swift */; };
		8B4EE9452BA8E7990094410B /* GeneralKitSwiftUIMacOsExampleApp.swift in Sources */ = {isa = PBXBuildFile; fileRef = 8B4EE9442BA8E7990094410B /* GeneralKitSwiftUIMacOsExampleApp.swift */; };
		8B4EE9472BA8E7990094410B /* ContentView.swift in Sources */ = {isa = PBXBuildFile; fileRef = 8B4EE9462BA8E7990094410B /* ContentView.swift */; };
		8B4EE9492BA8E79A0094410B /* Assets.xcassets in Resources */ = {isa = PBXBuildFile; fileRef = 8B4EE9482BA8E79A0094410B /* Assets.xcassets */; };
		8B4EE94C2BA8E79A0094410B /* Preview Assets.xcassets in Resources */ = {isa = PBXBuildFile; fileRef = 8B4EE94B2BA8E79A0094410B /* Preview Assets.xcassets */; };
		8B4EE9522BA8ED600094410B /* GeneralKit.framework in Frameworks */ = {isa = PBXBuildFile; fileRef = 4E20239C28DE5190004DA975 /* GeneralKit.framework */; };
		8B4EE9532BA8ED600094410B /* GeneralKit.framework in Embed Frameworks */ = {isa = PBXBuildFile; fileRef = 4E20239C28DE5190004DA975 /* GeneralKit.framework */; settings = {ATTRIBUTES = (RemoveHeadersOnCopy, ); }; };
		8B5BC6A92DB4EC0E0051EA4E /* _User.swift in Sources */ = {isa = PBXBuildFile; fileRef = 8BDFBC112C288CDF00902F63 /* _User.swift */; };
		8B5BC6AA2DB4EC0E0051EA4E /* User.swift in Sources */ = {isa = PBXBuildFile; fileRef = 8BDFBC1A2C28DCB400902F63 /* User.swift */; };
		8B5BC8382DB51D810051EA4E /* User.swift in Sources */ = {isa = PBXBuildFile; fileRef = 8BDFBC1A2C28DCB400902F63 /* User.swift */; };
		8B5BC8392DB51D8C0051EA4E /* _User.swift in Sources */ = {isa = PBXBuildFile; fileRef = 8BDFBC112C288CDF00902F63 /* _User.swift */; };
		8B5BC83A2DB51DCF0051EA4E /* _Role.swift in Sources */ = {isa = PBXBuildFile; fileRef = 8BDFBC142C288CDF00902F63 /* _Role.swift */; };
		8B5BC83B2DB51DCF0051EA4E /* _Person.swift in Sources */ = {isa = PBXBuildFile; fileRef = 8BDFBC132C288CDF00902F63 /* _Person.swift */; };
		8B5BC83C2DB51DCF0051EA4E /* Role.swift in Sources */ = {isa = PBXBuildFile; fileRef = 8BDFBC102C288CDF00902F63 /* Role.swift */; };
		8B5BC83D2DB51DCF0051EA4E /* Person.swift in Sources */ = {isa = PBXBuildFile; fileRef = 8BDFBC122C288CDF00902F63 /* Person.swift */; };
		8B5BC8422DB52CC00051EA4E /* UIScrollView+InfiniteScroll.m in Sources */ = {isa = PBXBuildFile; fileRef = 8B5BC8412DB52CC00051EA4E /* UIScrollView+InfiniteScroll.m */; };
		8B5BC8432DB52CC00051EA4E /* UIScrollView+InfiniteScroll.h in Headers */ = {isa = PBXBuildFile; fileRef = 8B5BC8402DB52CC00051EA4E /* UIScrollView+InfiniteScroll.h */; };
		8B76580D2906F4BF0047E799 /* GeneralKitEx.swift in Sources */ = {isa = PBXBuildFile; fileRef = 8B76580C2906F4BF0047E799 /* GeneralKitEx.swift */; };
		8B7658102906F6920047E799 /* NewTableViewCell.swift in Sources */ = {isa = PBXBuildFile; fileRef = 8B76580E2906F6910047E799 /* NewTableViewCell.swift */; };
		8B7658112906F6920047E799 /* NewTableViewCell.xib in Resources */ = {isa = PBXBuildFile; fileRef = 8B76580F2906F6910047E799 /* NewTableViewCell.xib */; };
		8B7658132906FCB50047E799 /* GeneralCollectionView.swift in Sources */ = {isa = PBXBuildFile; fileRef = 8B7658122906FCB50047E799 /* GeneralCollectionView.swift */; };
		8B765815290703870047E799 /* NewCollectionViewCell.swift in Sources */ = {isa = PBXBuildFile; fileRef = 8B765814290703870047E799 /* NewCollectionViewCell.swift */; };
		8B765817290703D70047E799 /* NewCollectionViewCell.xib in Resources */ = {isa = PBXBuildFile; fileRef = 8B765816290703D70047E799 /* NewCollectionViewCell.xib */; };
		8B765819290705000047E799 /* CollectionListExampleViewController.swift in Sources */ = {isa = PBXBuildFile; fileRef = 8B765818290705000047E799 /* CollectionListExampleViewController.swift */; };
		8B7DA028290AA20900D65C97 /* TableSectionListExampleViewController.swift in Sources */ = {isa = PBXBuildFile; fileRef = 8B7DA027290AA20900D65C97 /* TableSectionListExampleViewController.swift */; };
		8BA42AC62AC027C30092CF2F /* CollectionSectionListWithCompositionalLayoutExampleViewController .swift in Sources */ = {isa = PBXBuildFile; fileRef = 8BA42AC52AC027C30092CF2F /* CollectionSectionListWithCompositionalLayoutExampleViewController .swift */; };
		8BA6737C29068A6900A6CE14 /* ResponseHandler.swift in Sources */ = {isa = PBXBuildFile; fileRef = 4EE7AF1428E8216F00B81C8B /* ResponseHandler.swift */; };
		8BA6737D29068A6D00A6CE14 /* AppBaseRequest.swift in Sources */ = {isa = PBXBuildFile; fileRef = 4E57748D28E8BB790075C5B0 /* AppBaseRequest.swift */; };
		8BA6737E29068A7A00A6CE14 /* UserRequest.swift in Sources */ = {isa = PBXBuildFile; fileRef = 4E6323F928EA0CD0005DBE9B /* UserRequest.swift */; };
		8BA6737F29068A7A00A6CE14 /* ItemRequest.swift in Sources */ = {isa = PBXBuildFile; fileRef = 4E57749C28E8D2AA0075C5B0 /* ItemRequest.swift */; };
		8BA6738029068A7A00A6CE14 /* NewRequest.swift in Sources */ = {isa = PBXBuildFile; fileRef = 4E57749028E8BBB60075C5B0 /* NewRequest.swift */; };
		8BA6738129068A8500A6CE14 /* BaseResponse.swift in Sources */ = {isa = PBXBuildFile; fileRef = 4E57749328E8BC3C0075C5B0 /* BaseResponse.swift */; };
		8BB8786928FDBBAB000D9204 /* GeneralKit.framework in Embed Frameworks */ = {isa = PBXBuildFile; fileRef = 4E20239C28DE5190004DA975 /* GeneralKit.framework */; settings = {ATTRIBUTES = (CodeSignOnCopy, RemoveHeadersOnCopy, ); }; };
		8BD1493729B1D02F0024EDD8 /* NormalNetworkExampleViewController.swift in Sources */ = {isa = PBXBuildFile; fileRef = 8BD1493629B1D02F0024EDD8 /* NormalNetworkExampleViewController.swift */; };
		8BDFBC152C288CDF00902F63 /* Role.swift in Sources */ = {isa = PBXBuildFile; fileRef = 8BDFBC102C288CDF00902F63 /* Role.swift */; };
		8BDFBC172C288CDF00902F63 /* Person.swift in Sources */ = {isa = PBXBuildFile; fileRef = 8BDFBC122C288CDF00902F63 /* Person.swift */; };
		8BDFBC182C288CDF00902F63 /* _Person.swift in Sources */ = {isa = PBXBuildFile; fileRef = 8BDFBC132C288CDF00902F63 /* _Person.swift */; };
		8BDFBC192C288CDF00902F63 /* _Role.swift in Sources */ = {isa = PBXBuildFile; fileRef = 8BDFBC142C288CDF00902F63 /* _Role.swift */; };
		E4CABBC9EB997D760A0AC168 /* Pods_GeneralKit.framework in Frameworks */ = {isa = PBXBuildFile; fileRef = 6FA254326E754360B8CAA819 /* Pods_GeneralKit.framework */; };
/* End PBXBuildFile section */

/* Begin PBXContainerItemProxy section */
		4ECFD30928DF4747006A5087 /* PBXContainerItemProxy */ = {
			isa = PBXContainerItemProxy;
			containerPortal = 4E20239328DE5190004DA975 /* Project object */;
			proxyType = 1;
			remoteGlobalIDString = 4E20239B28DE5190004DA975;
			remoteInfo = GeneralKit;
		};
		8B2A0BEE28FD605300244000 /* PBXContainerItemProxy */ = {
			isa = PBXContainerItemProxy;
			containerPortal = 4E20239328DE5190004DA975 /* Project object */;
			proxyType = 1;
			remoteGlobalIDString = 8B2A0BD728FD605200244000;
			remoteInfo = GeneralKitUIKitExample;
		};
		8B2A0BF828FD605300244000 /* PBXContainerItemProxy */ = {
			isa = PBXContainerItemProxy;
			containerPortal = 4E20239328DE5190004DA975 /* Project object */;
			proxyType = 1;
			remoteGlobalIDString = 8B2A0BD728FD605200244000;
			remoteInfo = GeneralKitUIKitExample;
		};
		8B4EE9542BA8ED600094410B /* PBXContainerItemProxy */ = {
			isa = PBXContainerItemProxy;
			containerPortal = 4E20239328DE5190004DA975 /* Project object */;
			proxyType = 1;
			remoteGlobalIDString = 4E20239B28DE5190004DA975;
			remoteInfo = GeneralKit;
		};
		8BB8786A28FDBBAB000D9204 /* PBXContainerItemProxy */ = {
			isa = PBXContainerItemProxy;
			containerPortal = 4E20239328DE5190004DA975 /* Project object */;
			proxyType = 1;
			remoteGlobalIDString = 4E20239B28DE5190004DA975;
			remoteInfo = GeneralKit;
		};
/* End PBXContainerItemProxy section */

/* Begin PBXCopyFilesBuildPhase section */
		4ECFD30B28DF4747006A5087 /* Embed Frameworks */ = {
			isa = PBXCopyFilesBuildPhase;
			buildActionMask = 2147483647;
			dstPath = "";
			dstSubfolderSpec = 10;
			files = (
				4ECFD30828DF4747006A5087 /* GeneralKit.framework in Embed Frameworks */,
			);
			name = "Embed Frameworks";
			runOnlyForDeploymentPostprocessing = 0;
		};
		8B4EE9562BA8ED600094410B /* Embed Frameworks */ = {
			isa = PBXCopyFilesBuildPhase;
			buildActionMask = 2147483647;
			dstPath = "";
			dstSubfolderSpec = 10;
			files = (
				8B4EE9532BA8ED600094410B /* GeneralKit.framework in Embed Frameworks */,
			);
			name = "Embed Frameworks";
			runOnlyForDeploymentPostprocessing = 0;
		};
		8BB8786C28FDBBAB000D9204 /* Embed Frameworks */ = {
			isa = PBXCopyFilesBuildPhase;
			buildActionMask = 2147483647;
			dstPath = "";
			dstSubfolderSpec = 10;
			files = (
				8BB8786928FDBBAB000D9204 /* GeneralKit.framework in Embed Frameworks */,
			);
			name = "Embed Frameworks";
			runOnlyForDeploymentPostprocessing = 0;
		};
/* End PBXCopyFilesBuildPhase section */

/* Begin PBXFileReference section */
		03DB3DFB2577804B6A78FEA4 /* Pods-GeneralKitSwiftUIMacOsExample.release.xcconfig */ = {isa = PBXFileReference; includeInIndex = 1; lastKnownFileType = text.xcconfig; name = "Pods-GeneralKitSwiftUIMacOsExample.release.xcconfig"; path = "Target Support Files/Pods-GeneralKitSwiftUIMacOsExample/Pods-GeneralKitSwiftUIMacOsExample.release.xcconfig"; sourceTree = "<group>"; };
		0AC3AE4EBBB12ADFA8D57C22 /* Pods-GeneralKitExample.release.xcconfig */ = {isa = PBXFileReference; includeInIndex = 1; lastKnownFileType = text.xcconfig; name = "Pods-GeneralKitExample.release.xcconfig"; path = "Target Support Files/Pods-GeneralKitExample/Pods-GeneralKitExample.release.xcconfig"; sourceTree = "<group>"; };
		30C79244BAE109FE37EF8932 /* Pods-GeneralKitUIKitExample.debug.xcconfig */ = {isa = PBXFileReference; includeInIndex = 1; lastKnownFileType = text.xcconfig; name = "Pods-GeneralKitUIKitExample.debug.xcconfig"; path = "Target Support Files/Pods-GeneralKitUIKitExample/Pods-GeneralKitUIKitExample.debug.xcconfig"; sourceTree = "<group>"; };
		408D9AE46DA44FF20F8288EE /* Pods-GeneralKit.release.xcconfig */ = {isa = PBXFileReference; includeInIndex = 1; lastKnownFileType = text.xcconfig; name = "Pods-GeneralKit.release.xcconfig"; path = "Target Support Files/Pods-GeneralKit/Pods-GeneralKit.release.xcconfig"; sourceTree = "<group>"; };
		4774B2A943CF0C92227A9E98 /* Pods-GeneralKitExample.debug.xcconfig */ = {isa = PBXFileReference; includeInIndex = 1; lastKnownFileType = text.xcconfig; name = "Pods-GeneralKitExample.debug.xcconfig"; path = "Target Support Files/Pods-GeneralKitExample/Pods-GeneralKitExample.debug.xcconfig"; sourceTree = "<group>"; };
		4E20239C28DE5190004DA975 /* GeneralKit.framework */ = {isa = PBXFileReference; explicitFileType = wrapper.framework; includeInIndex = 0; path = GeneralKit.framework; sourceTree = BUILT_PRODUCTS_DIR; };
		4E57748D28E8BB790075C5B0 /* AppBaseRequest.swift */ = {isa = PBXFileReference; lastKnownFileType = sourcecode.swift; path = AppBaseRequest.swift; sourceTree = "<group>"; };
		4E57749028E8BBB60075C5B0 /* NewRequest.swift */ = {isa = PBXFileReference; lastKnownFileType = sourcecode.swift; path = NewRequest.swift; sourceTree = "<group>"; };
		4E57749328E8BC3C0075C5B0 /* BaseResponse.swift */ = {isa = PBXFileReference; lastKnownFileType = sourcecode.swift; path = BaseResponse.swift; sourceTree = "<group>"; };
		4E57749528E8BF060075C5B0 /* ItemsViewModel.swift */ = {isa = PBXFileReference; lastKnownFileType = sourcecode.swift; path = ItemsViewModel.swift; sourceTree = "<group>"; };
		4E57749728E8BF210075C5B0 /* ItemsView.swift */ = {isa = PBXFileReference; lastKnownFileType = sourcecode.swift; path = ItemsView.swift; sourceTree = "<group>"; };
		4E57749C28E8D2AA0075C5B0 /* ItemRequest.swift */ = {isa = PBXFileReference; lastKnownFileType = sourcecode.swift; path = ItemRequest.swift; sourceTree = "<group>"; };
		4E6323ED28EA06CA005DBE9B /* usersList4.json */ = {isa = PBXFileReference; fileEncoding = 4; lastKnownFileType = text.json; path = usersList4.json; sourceTree = "<group>"; };
		4E6323EE28EA06CA005DBE9B /* usersList2.json */ = {isa = PBXFileReference; fileEncoding = 4; lastKnownFileType = text.json; path = usersList2.json; sourceTree = "<group>"; };
		4E6323EF28EA06CA005DBE9B /* usersList3.json */ = {isa = PBXFileReference; fileEncoding = 4; lastKnownFileType = text.json; path = usersList3.json; sourceTree = "<group>"; };
		4E6323F028EA06CA005DBE9B /* login.json */ = {isa = PBXFileReference; fileEncoding = 4; lastKnownFileType = text.json; path = login.json; sourceTree = "<group>"; };
		4E6323F128EA06CA005DBE9B /* usersList1.json */ = {isa = PBXFileReference; fileEncoding = 4; lastKnownFileType = text.json; path = usersList1.json; sourceTree = "<group>"; };
		4E6323F928EA0CD0005DBE9B /* UserRequest.swift */ = {isa = PBXFileReference; fileEncoding = 4; lastKnownFileType = sourcecode.swift; path = UserRequest.swift; sourceTree = "<group>"; };
		4ECFD2E828DF170F006A5087 /* BaseRequest.swift */ = {isa = PBXFileReference; fileEncoding = 4; lastKnownFileType = sourcecode.swift; path = BaseRequest.swift; sourceTree = "<group>"; };
		4ECFD2EA28DF175B006A5087 /* ValidationObject.swift */ = {isa = PBXFileReference; fileEncoding = 4; lastKnownFileType = sourcecode.swift; path = ValidationObject.swift; sourceTree = "<group>"; };
		4ECFD2F028DF415B006A5087 /* GeneralKitExample.app */ = {isa = PBXFileReference; explicitFileType = wrapper.application; includeInIndex = 0; path = GeneralKitExample.app; sourceTree = BUILT_PRODUCTS_DIR; };
		4ECFD2F228DF415B006A5087 /* GeneralKitExampleApp.swift */ = {isa = PBXFileReference; lastKnownFileType = sourcecode.swift; path = GeneralKitExampleApp.swift; sourceTree = "<group>"; };
		4ECFD2F428DF415B006A5087 /* ContentView.swift */ = {isa = PBXFileReference; lastKnownFileType = sourcecode.swift; path = ContentView.swift; sourceTree = "<group>"; };
		4ECFD2F628DF415E006A5087 /* Assets.xcassets */ = {isa = PBXFileReference; lastKnownFileType = folder.assetcatalog; path = Assets.xcassets; sourceTree = "<group>"; };
		4ECFD2F828DF415E006A5087 /* GeneralKitExample.entitlements */ = {isa = PBXFileReference; lastKnownFileType = text.plist.entitlements; path = GeneralKitExample.entitlements; sourceTree = "<group>"; };
		4ECFD2FA28DF415E006A5087 /* Preview Assets.xcassets */ = {isa = PBXFileReference; lastKnownFileType = folder.assetcatalog; path = "Preview Assets.xcassets"; sourceTree = "<group>"; };
		4ECFD2FF28DF41B9006A5087 /* ContentViewModel.swift */ = {isa = PBXFileReference; lastKnownFileType = sourcecode.swift; path = ContentViewModel.swift; sourceTree = "<group>"; };
		4ECFD30628DF465E006A5087 /* Info.plist */ = {isa = PBXFileReference; lastKnownFileType = text.plist; path = Info.plist; sourceTree = "<group>"; };
		4ECFD30E28DF515A006A5087 /* RequestBuilder.swift */ = {isa = PBXFileReference; lastKnownFileType = sourcecode.swift; path = RequestBuilder.swift; sourceTree = "<group>"; };
		4EE7AF1428E8216F00B81C8B /* ResponseHandler.swift */ = {isa = PBXFileReference; lastKnownFileType = sourcecode.swift; path = ResponseHandler.swift; sourceTree = "<group>"; };
		4EE7AF1628E8249100B81C8B /* PaginationManager.swift */ = {isa = PBXFileReference; lastKnownFileType = sourcecode.swift; path = PaginationManager.swift; sourceTree = "<group>"; };
		5F8D6BE989BC1CFC8EA5EA14 /* Pods-GeneralKitSwiftUIMacOsExample.debug.xcconfig */ = {isa = PBXFileReference; includeInIndex = 1; lastKnownFileType = text.xcconfig; name = "Pods-GeneralKitSwiftUIMacOsExample.debug.xcconfig"; path = "Target Support Files/Pods-GeneralKitSwiftUIMacOsExample/Pods-GeneralKitSwiftUIMacOsExample.debug.xcconfig"; sourceTree = "<group>"; };
		6AC6FB5EA3D1A4A21CD0852F /* Pods_GeneralKitUIKitExample.framework */ = {isa = PBXFileReference; explicitFileType = wrapper.framework; includeInIndex = 0; path = Pods_GeneralKitUIKitExample.framework; sourceTree = BUILT_PRODUCTS_DIR; };
		6FA254326E754360B8CAA819 /* Pods_GeneralKit.framework */ = {isa = PBXFileReference; explicitFileType = wrapper.framework; includeInIndex = 0; path = Pods_GeneralKit.framework; sourceTree = BUILT_PRODUCTS_DIR; };
		8B091F45290BD54300D38C91 /* SectionHeaderCollectionView.swift */ = {isa = PBXFileReference; lastKnownFileType = sourcecode.swift; path = SectionHeaderCollectionView.swift; sourceTree = "<group>"; };
		8B091F47290BD55800D38C91 /* SectionHeaderCollectionView.xib */ = {isa = PBXFileReference; lastKnownFileType = file.xib; path = SectionHeaderCollectionView.xib; sourceTree = "<group>"; };
		8B091F49290C290100D38C91 /* GeneralList.swift */ = {isa = PBXFileReference; lastKnownFileType = sourcecode.swift; path = GeneralList.swift; sourceTree = "<group>"; };
		8B091F4B290C327100D38C91 /* CollectionSectionListExampleViewController.swift */ = {isa = PBXFileReference; fileEncoding = 4; lastKnownFileType = sourcecode.swift; path = CollectionSectionListExampleViewController.swift; sourceTree = "<group>"; };
		8B27DED82931438A00026312 /* NormalNetworkExampleViewModel.swift */ = {isa = PBXFileReference; fileEncoding = 4; lastKnownFileType = sourcecode.swift; path = NormalNetworkExampleViewModel.swift; sourceTree = "<group>"; };
		8B27DED92931438A00026312 /* NormalNetworkExampleView.swift */ = {isa = PBXFileReference; fileEncoding = 4; lastKnownFileType = sourcecode.swift; path = NormalNetworkExampleView.swift; sourceTree = "<group>"; };
		8B2A0BC528FD398C00244000 /* GeneralTableView.swift */ = {isa = PBXFileReference; lastKnownFileType = sourcecode.swift; path = GeneralTableView.swift; sourceTree = "<group>"; };
		8B2A0BCF28FD3C0900244000 /* GeneralKitBridge.h */ = {isa = PBXFileReference; lastKnownFileType = sourcecode.c.h; path = GeneralKitBridge.h; sourceTree = "<group>"; };
		8B2A0BD028FD57F400244000 /* ListPlaceHolderView.xib */ = {isa = PBXFileReference; fileEncoding = 4; lastKnownFileType = file.xib; path = ListPlaceHolderView.xib; sourceTree = "<group>"; };
		8B2A0BD128FD57F400244000 /* ListPlaceHolderView.swift */ = {isa = PBXFileReference; fileEncoding = 4; lastKnownFileType = sourcecode.swift; path = ListPlaceHolderView.swift; sourceTree = "<group>"; };
		8B2A0BD828FD605200244000 /* GeneralKitUIKitExample.app */ = {isa = PBXFileReference; explicitFileType = wrapper.application; includeInIndex = 0; path = GeneralKitUIKitExample.app; sourceTree = BUILT_PRODUCTS_DIR; };
		8B2A0BDA28FD605200244000 /* AppDelegate.swift */ = {isa = PBXFileReference; lastKnownFileType = sourcecode.swift; path = AppDelegate.swift; sourceTree = "<group>"; };
		8B2A0BDC28FD605200244000 /* SceneDelegate.swift */ = {isa = PBXFileReference; lastKnownFileType = sourcecode.swift; path = SceneDelegate.swift; sourceTree = "<group>"; };
		8B2A0BDE28FD605200244000 /* TableListExampleViewController.swift */ = {isa = PBXFileReference; lastKnownFileType = sourcecode.swift; path = TableListExampleViewController.swift; sourceTree = "<group>"; };
		8B2A0BE128FD605200244000 /* Base */ = {isa = PBXFileReference; lastKnownFileType = file.storyboard; name = Base; path = Base.lproj/Main.storyboard; sourceTree = "<group>"; };
		8B2A0BE328FD605200244000 /* Assets.xcassets */ = {isa = PBXFileReference; lastKnownFileType = folder.assetcatalog; path = Assets.xcassets; sourceTree = "<group>"; };
		8B2A0BE628FD605200244000 /* Base */ = {isa = PBXFileReference; lastKnownFileType = file.storyboard; name = Base; path = Base.lproj/LaunchScreen.storyboard; sourceTree = "<group>"; };
		8B2A0BE828FD605200244000 /* Info.plist */ = {isa = PBXFileReference; lastKnownFileType = text.plist.xml; path = Info.plist; sourceTree = "<group>"; };
		8B2A0BED28FD605300244000 /* GeneralKitUIKitExampleTests.xctest */ = {isa = PBXFileReference; explicitFileType = wrapper.cfbundle; includeInIndex = 0; path = GeneralKitUIKitExampleTests.xctest; sourceTree = BUILT_PRODUCTS_DIR; };
		8B2A0BF128FD605300244000 /* GeneralKitUIKitExampleTests.swift */ = {isa = PBXFileReference; lastKnownFileType = sourcecode.swift; path = GeneralKitUIKitExampleTests.swift; sourceTree = "<group>"; };
		8B2A0BF728FD605300244000 /* GeneralKitUIKitExampleUITests.xctest */ = {isa = PBXFileReference; explicitFileType = wrapper.cfbundle; includeInIndex = 0; path = GeneralKitUIKitExampleUITests.xctest; sourceTree = BUILT_PRODUCTS_DIR; };
		8B2A0BFB28FD605300244000 /* GeneralKitUIKitExampleUITests.swift */ = {isa = PBXFileReference; lastKnownFileType = sourcecode.swift; path = GeneralKitUIKitExampleUITests.swift; sourceTree = "<group>"; };
		8B2A0BFD28FD605300244000 /* GeneralKitUIKitExampleUITestsLaunchTests.swift */ = {isa = PBXFileReference; lastKnownFileType = sourcecode.swift; path = GeneralKitUIKitExampleUITestsLaunchTests.swift; sourceTree = "<group>"; };
		8B45381129D8DF21007966D1 /* RequestBuilderGroup.swift */ = {isa = PBXFileReference; lastKnownFileType = sourcecode.swift; path = RequestBuilderGroup.swift; sourceTree = "<group>"; };
		8B4D26FE29AE7A0C00E51353 /* TableSectionView.xib */ = {isa = PBXFileReference; fileEncoding = 4; lastKnownFileType = file.xib; path = TableSectionView.xib; sourceTree = "<group>"; };
		8B4D26FF29AE7A0C00E51353 /* TableSectionView.swift */ = {isa = PBXFileReference; fileEncoding = 4; lastKnownFileType = sourcecode.swift; path = TableSectionView.swift; sourceTree = "<group>"; };
		8B4EE9422BA8E7990094410B /* GeneralKitSwiftUIMacOsExample.app */ = {isa = PBXFileReference; explicitFileType = wrapper.application; includeInIndex = 0; path = GeneralKitSwiftUIMacOsExample.app; sourceTree = BUILT_PRODUCTS_DIR; };
		8B4EE9442BA8E7990094410B /* GeneralKitSwiftUIMacOsExampleApp.swift */ = {isa = PBXFileReference; lastKnownFileType = sourcecode.swift; path = GeneralKitSwiftUIMacOsExampleApp.swift; sourceTree = "<group>"; };
		8B4EE9462BA8E7990094410B /* ContentView.swift */ = {isa = PBXFileReference; lastKnownFileType = sourcecode.swift; path = ContentView.swift; sourceTree = "<group>"; };
		8B4EE9482BA8E79A0094410B /* Assets.xcassets */ = {isa = PBXFileReference; lastKnownFileType = folder.assetcatalog; path = Assets.xcassets; sourceTree = "<group>"; };
		8B4EE94B2BA8E79A0094410B /* Preview Assets.xcassets */ = {isa = PBXFileReference; lastKnownFileType = folder.assetcatalog; path = "Preview Assets.xcassets"; sourceTree = "<group>"; };
		8B4EE94D2BA8E79A0094410B /* GeneralKitSwiftUIMacOsExample.entitlements */ = {isa = PBXFileReference; lastKnownFileType = text.plist.entitlements; path = GeneralKitSwiftUIMacOsExample.entitlements; sourceTree = "<group>"; };
		8B4EE9512BA8ED520094410B /* Info.plist */ = {isa = PBXFileReference; lastKnownFileType = text.plist; path = Info.plist; sourceTree = "<group>"; };
		8B5BC8402DB52CC00051EA4E /* UIScrollView+InfiniteScroll.h */ = {isa = PBXFileReference; lastKnownFileType = sourcecode.c.h; path = "UIScrollView+InfiniteScroll.h"; sourceTree = "<group>"; };
		8B5BC8412DB52CC00051EA4E /* UIScrollView+InfiniteScroll.m */ = {isa = PBXFileReference; lastKnownFileType = sourcecode.c.objc; path = "UIScrollView+InfiniteScroll.m"; sourceTree = "<group>"; };
		8B76580C2906F4BF0047E799 /* GeneralKitEx.swift */ = {isa = PBXFileReference; lastKnownFileType = sourcecode.swift; path = GeneralKitEx.swift; sourceTree = "<group>"; };
		8B76580E2906F6910047E799 /* NewTableViewCell.swift */ = {isa = PBXFileReference; lastKnownFileType = sourcecode.swift; path = NewTableViewCell.swift; sourceTree = "<group>"; };
		8B76580F2906F6910047E799 /* NewTableViewCell.xib */ = {isa = PBXFileReference; lastKnownFileType = file.xib; path = NewTableViewCell.xib; sourceTree = "<group>"; };
		8B7658122906FCB50047E799 /* GeneralCollectionView.swift */ = {isa = PBXFileReference; lastKnownFileType = sourcecode.swift; path = GeneralCollectionView.swift; sourceTree = "<group>"; };
		8B765814290703870047E799 /* NewCollectionViewCell.swift */ = {isa = PBXFileReference; lastKnownFileType = sourcecode.swift; path = NewCollectionViewCell.swift; sourceTree = "<group>"; };
		8B765816290703D70047E799 /* NewCollectionViewCell.xib */ = {isa = PBXFileReference; lastKnownFileType = file.xib; path = NewCollectionViewCell.xib; sourceTree = "<group>"; };
		8B765818290705000047E799 /* CollectionListExampleViewController.swift */ = {isa = PBXFileReference; lastKnownFileType = sourcecode.swift; path = CollectionListExampleViewController.swift; sourceTree = "<group>"; };
		8B7DA027290AA20900D65C97 /* TableSectionListExampleViewController.swift */ = {isa = PBXFileReference; lastKnownFileType = sourcecode.swift; path = TableSectionListExampleViewController.swift; sourceTree = "<group>"; };
		8BA42AC52AC027C30092CF2F /* CollectionSectionListWithCompositionalLayoutExampleViewController .swift */ = {isa = PBXFileReference; fileEncoding = 4; lastKnownFileType = sourcecode.swift; path = "CollectionSectionListWithCompositionalLayoutExampleViewController .swift"; sourceTree = "<group>"; };
		8BD1493629B1D02F0024EDD8 /* NormalNetworkExampleViewController.swift */ = {isa = PBXFileReference; lastKnownFileType = sourcecode.swift; path = NormalNetworkExampleViewController.swift; sourceTree = "<group>"; };
		8BDFBC102C288CDF00902F63 /* Role.swift */ = {isa = PBXFileReference; fileEncoding = 4; lastKnownFileType = sourcecode.swift; path = Role.swift; sourceTree = "<group>"; };
		8BDFBC112C288CDF00902F63 /* _User.swift */ = {isa = PBXFileReference; fileEncoding = 4; lastKnownFileType = sourcecode.swift; path = _User.swift; sourceTree = "<group>"; };
		8BDFBC122C288CDF00902F63 /* Person.swift */ = {isa = PBXFileReference; fileEncoding = 4; lastKnownFileType = sourcecode.swift; path = Person.swift; sourceTree = "<group>"; };
		8BDFBC132C288CDF00902F63 /* _Person.swift */ = {isa = PBXFileReference; fileEncoding = 4; lastKnownFileType = sourcecode.swift; path = _Person.swift; sourceTree = "<group>"; };
		8BDFBC142C288CDF00902F63 /* _Role.swift */ = {isa = PBXFileReference; fileEncoding = 4; lastKnownFileType = sourcecode.swift; path = _Role.swift; sourceTree = "<group>"; };
		8BDFBC1A2C28DCB400902F63 /* User.swift */ = {isa = PBXFileReference; fileEncoding = 4; lastKnownFileType = sourcecode.swift; path = User.swift; sourceTree = "<group>"; };
		AF20E814DCE5C8DAB96E13F8 /* Pods-GeneralKit.debug.xcconfig */ = {isa = PBXFileReference; includeInIndex = 1; lastKnownFileType = text.xcconfig; name = "Pods-GeneralKit.debug.xcconfig"; path = "Target Support Files/Pods-GeneralKit/Pods-GeneralKit.debug.xcconfig"; sourceTree = "<group>"; };
		CF79ADAEA97AE0AA548AE8D5 /* Pods_GeneralKitSwiftUIMacOsExample.framework */ = {isa = PBXFileReference; explicitFileType = wrapper.framework; includeInIndex = 0; path = Pods_GeneralKitSwiftUIMacOsExample.framework; sourceTree = BUILT_PRODUCTS_DIR; };
		D362F567F333A3308FFF0A8C /* Pods-GeneralKitUIKitExample.release.xcconfig */ = {isa = PBXFileReference; includeInIndex = 1; lastKnownFileType = text.xcconfig; name = "Pods-GeneralKitUIKitExample.release.xcconfig"; path = "Target Support Files/Pods-GeneralKitUIKitExample/Pods-GeneralKitUIKitExample.release.xcconfig"; sourceTree = "<group>"; };
		D8856D2F0110DAB555B607AE /* Pods_GeneralKitExample.framework */ = {isa = PBXFileReference; explicitFileType = wrapper.framework; includeInIndex = 0; path = Pods_GeneralKitExample.framework; sourceTree = BUILT_PRODUCTS_DIR; };
/* End PBXFileReference section */

/* Begin PBXFrameworksBuildPhase section */
		4E20239928DE5190004DA975 /* Frameworks */ = {
			isa = PBXFrameworksBuildPhase;
			buildActionMask = 2147483647;
			files = (
				E4CABBC9EB997D760A0AC168 /* Pods_GeneralKit.framework in Frameworks */,
			);
			runOnlyForDeploymentPostprocessing = 0;
		};
		4ECFD2ED28DF415B006A5087 /* Frameworks */ = {
			isa = PBXFrameworksBuildPhase;
			buildActionMask = 2147483647;
			files = (
				8B376E4B2B275F5400F75308 /* GeneralKit.framework in Frameworks */,
				6CE38983F54E9F4EF1FD0662 /* Pods_GeneralKitExample.framework in Frameworks */,
			);
			runOnlyForDeploymentPostprocessing = 0;
		};
		8B2A0BD528FD605200244000 /* Frameworks */ = {
			isa = PBXFrameworksBuildPhase;
			buildActionMask = 2147483647;
			files = (
				8B376E4A2B275EEE00F75308 /* GeneralKit.framework in Frameworks */,
				75D6E0A951E7F2F99D55C27D /* Pods_GeneralKitUIKitExample.framework in Frameworks */,
			);
			runOnlyForDeploymentPostprocessing = 0;
		};
		8B2A0BEA28FD605300244000 /* Frameworks */ = {
			isa = PBXFrameworksBuildPhase;
			buildActionMask = 2147483647;
			files = (
			);
			runOnlyForDeploymentPostprocessing = 0;
		};
		8B2A0BF428FD605300244000 /* Frameworks */ = {
			isa = PBXFrameworksBuildPhase;
			buildActionMask = 2147483647;
			files = (
			);
			runOnlyForDeploymentPostprocessing = 0;
		};
		8B4EE93F2BA8E7990094410B /* Frameworks */ = {
			isa = PBXFrameworksBuildPhase;
			buildActionMask = 2147483647;
			files = (
				8B4EE9522BA8ED600094410B /* GeneralKit.framework in Frameworks */,
				31B0DDDCBE6056E1017D199B /* Pods_GeneralKitSwiftUIMacOsExample.framework in Frameworks */,
			);
			runOnlyForDeploymentPostprocessing = 0;
		};
/* End PBXFrameworksBuildPhase section */

/* Begin PBXGroup section */
		4E20239228DE5190004DA975 = {
			isa = PBXGroup;
			children = (
				4E20239E28DE5190004DA975 /* GeneralKit */,
				4ECFD2F128DF415B006A5087 /* GeneralKitExample */,
				8B2A0BD928FD605200244000 /* GeneralKitUIKitExample */,
				8B2A0BF028FD605300244000 /* GeneralKitUIKitExampleTests */,
				8B2A0BFA28FD605300244000 /* GeneralKitUIKitExampleUITests */,
				8B4EE9432BA8E7990094410B /* GeneralKitSwiftUIMacOsExample */,
				4E20239D28DE5190004DA975 /* Products */,
				BE318A347E2C89068BBE3181 /* Pods */,
				DB371AC37CD5F7C66863648A /* Frameworks */,
			);
			sourceTree = "<group>";
		};
		4E20239D28DE5190004DA975 /* Products */ = {
			isa = PBXGroup;
			children = (
				4E20239C28DE5190004DA975 /* GeneralKit.framework */,
				4ECFD2F028DF415B006A5087 /* GeneralKitExample.app */,
				8B2A0BD828FD605200244000 /* GeneralKitUIKitExample.app */,
				8B2A0BED28FD605300244000 /* GeneralKitUIKitExampleTests.xctest */,
				8B2A0BF728FD605300244000 /* GeneralKitUIKitExampleUITests.xctest */,
				8B4EE9422BA8E7990094410B /* GeneralKitSwiftUIMacOsExample.app */,
			);
			name = Products;
			sourceTree = "<group>";
		};
		4E20239E28DE5190004DA975 /* GeneralKit */ = {
			isa = PBXGroup;
			children = (
				8B76580C2906F4BF0047E799 /* GeneralKitEx.swift */,
				4ECFD2E828DF170F006A5087 /* BaseRequest.swift */,
				4ECFD2EA28DF175B006A5087 /* ValidationObject.swift */,
				4ECFD30E28DF515A006A5087 /* RequestBuilder.swift */,
				4EE7AF1628E8249100B81C8B /* PaginationManager.swift */,
				8B091F49290C290100D38C91 /* GeneralList.swift */,
				8B2A0BC528FD398C00244000 /* GeneralTableView.swift */,
				8B7658122906FCB50047E799 /* GeneralCollectionView.swift */,
				8B5BC8402DB52CC00051EA4E /* UIScrollView+InfiniteScroll.h */,
				8B5BC8412DB52CC00051EA4E /* UIScrollView+InfiniteScroll.m */,
				8B2A0BD128FD57F400244000 /* ListPlaceHolderView.swift */,
				8B2A0BD028FD57F400244000 /* ListPlaceHolderView.xib */,
				8B2A0BCF28FD3C0900244000 /* GeneralKitBridge.h */,
				8B45381129D8DF21007966D1 /* RequestBuilderGroup.swift */,
			);
			path = GeneralKit;
			sourceTree = "<group>";
		};
		4E57748C28E8BB610075C5B0 /* WebServices */ = {
			isa = PBXGroup;
			children = (
				4EE7AF1428E8216F00B81C8B /* ResponseHandler.swift */,
				4E57748D28E8BB790075C5B0 /* AppBaseRequest.swift */,
				4E57748F28E8BBA00075C5B0 /* Requests */,
			);
			path = WebServices;
			sourceTree = "<group>";
		};
		4E57748F28E8BBA00075C5B0 /* Requests */ = {
			isa = PBXGroup;
			children = (
				4E57749028E8BBB60075C5B0 /* NewRequest.swift */,
				4E57749C28E8D2AA0075C5B0 /* ItemRequest.swift */,
				4E6323F928EA0CD0005DBE9B /* UserRequest.swift */,
			);
			path = Requests;
			sourceTree = "<group>";
		};
		4E57749228E8BBF40075C5B0 /* Model */ = {
			isa = PBXGroup;
			children = (
				4E57749328E8BC3C0075C5B0 /* BaseResponse.swift */,
				8BDFBC132C288CDF00902F63 /* _Person.swift */,
				8BDFBC142C288CDF00902F63 /* _Role.swift */,
				8BDFBC112C288CDF00902F63 /* _User.swift */,
				8BDFBC1A2C28DCB400902F63 /* User.swift */,
				8BDFBC122C288CDF00902F63 /* Person.swift */,
				8BDFBC102C288CDF00902F63 /* Role.swift */,
			);
			path = Model;
			sourceTree = "<group>";
		};
		4E57749928E8BF510075C5B0 /* ItemsView */ = {
			isa = PBXGroup;
			children = (
				4E57749528E8BF060075C5B0 /* ItemsViewModel.swift */,
				4E57749728E8BF210075C5B0 /* ItemsView.swift */,
			);
			path = ItemsView;
			sourceTree = "<group>";
		};
		4E57749A28E8BF5C0075C5B0 /* ContentView */ = {
			isa = PBXGroup;
			children = (
				4ECFD2F428DF415B006A5087 /* ContentView.swift */,
				4ECFD2FF28DF41B9006A5087 /* ContentViewModel.swift */,
			);
			path = ContentView;
			sourceTree = "<group>";
		};
		4E57749B28E8BF670075C5B0 /* ViewModels */ = {
			isa = PBXGroup;
			children = (
				4E57749A28E8BF5C0075C5B0 /* ContentView */,
				8B27DED72931438A00026312 /* NormalNetworkExampleViewModel */,
				4E57749928E8BF510075C5B0 /* ItemsView */,
			);
			path = ViewModels;
			sourceTree = "<group>";
		};
		4E6323EC28EA06CA005DBE9B /* Resources */ = {
			isa = PBXGroup;
			children = (
				4E6323ED28EA06CA005DBE9B /* usersList4.json */,
				4E6323EE28EA06CA005DBE9B /* usersList2.json */,
				4E6323EF28EA06CA005DBE9B /* usersList3.json */,
				4E6323F028EA06CA005DBE9B /* login.json */,
				4E6323F128EA06CA005DBE9B /* usersList1.json */,
			);
			path = Resources;
			sourceTree = "<group>";
		};
		4ECFD2F128DF415B006A5087 /* GeneralKitExample */ = {
			isa = PBXGroup;
			children = (
				4ECFD30628DF465E006A5087 /* Info.plist */,
				4ECFD2F228DF415B006A5087 /* GeneralKitExampleApp.swift */,
				4E57749B28E8BF670075C5B0 /* ViewModels */,
				4E57749228E8BBF40075C5B0 /* Model */,
				4E57748C28E8BB610075C5B0 /* WebServices */,
				4E6323EC28EA06CA005DBE9B /* Resources */,
				4ECFD2F628DF415E006A5087 /* Assets.xcassets */,
				4ECFD2F828DF415E006A5087 /* GeneralKitExample.entitlements */,
				4ECFD2F928DF415E006A5087 /* Preview Content */,
			);
			path = GeneralKitExample;
			sourceTree = "<group>";
		};
		4ECFD2F928DF415E006A5087 /* Preview Content */ = {
			isa = PBXGroup;
			children = (
				4ECFD2FA28DF415E006A5087 /* Preview Assets.xcassets */,
			);
			path = "Preview Content";
			sourceTree = "<group>";
		};
		8B27DED72931438A00026312 /* NormalNetworkExampleViewModel */ = {
			isa = PBXGroup;
			children = (
				8B27DED82931438A00026312 /* NormalNetworkExampleViewModel.swift */,
				8B27DED92931438A00026312 /* NormalNetworkExampleView.swift */,
			);
			path = NormalNetworkExampleViewModel;
			sourceTree = "<group>";
		};
		8B2A0BD928FD605200244000 /* GeneralKitUIKitExample */ = {
			isa = PBXGroup;
			children = (
				8B2A0BDA28FD605200244000 /* AppDelegate.swift */,
				8B2A0BDC28FD605200244000 /* SceneDelegate.swift */,
				8BD1493629B1D02F0024EDD8 /* NormalNetworkExampleViewController.swift */,
				8B7DA025290AA1D600D65C97 /* TableList */,
				8B7DA026290AA1E100D65C97 /* CollectionList */,
				8B2A0BE028FD605200244000 /* Main.storyboard */,
				8B2A0BE328FD605200244000 /* Assets.xcassets */,
				8B2A0BE528FD605200244000 /* LaunchScreen.storyboard */,
				8B2A0BE828FD605200244000 /* Info.plist */,
			);
			path = GeneralKitUIKitExample;
			sourceTree = "<group>";
		};
		8B2A0BF028FD605300244000 /* GeneralKitUIKitExampleTests */ = {
			isa = PBXGroup;
			children = (
				8B2A0BF128FD605300244000 /* GeneralKitUIKitExampleTests.swift */,
			);
			path = GeneralKitUIKitExampleTests;
			sourceTree = "<group>";
		};
		8B2A0BFA28FD605300244000 /* GeneralKitUIKitExampleUITests */ = {
			isa = PBXGroup;
			children = (
				8B2A0BFB28FD605300244000 /* GeneralKitUIKitExampleUITests.swift */,
				8B2A0BFD28FD605300244000 /* GeneralKitUIKitExampleUITestsLaunchTests.swift */,
			);
			path = GeneralKitUIKitExampleUITests;
			sourceTree = "<group>";
		};
		8B4D26FD29AE7A0C00E51353 /* TableSectionView */ = {
			isa = PBXGroup;
			children = (
				8B4D26FE29AE7A0C00E51353 /* TableSectionView.xib */,
				8B4D26FF29AE7A0C00E51353 /* TableSectionView.swift */,
			);
			path = TableSectionView;
			sourceTree = "<group>";
		};
		8B4EE9432BA8E7990094410B /* GeneralKitSwiftUIMacOsExample */ = {
			isa = PBXGroup;
			children = (
				8B4EE9512BA8ED520094410B /* Info.plist */,
				8B4EE9442BA8E7990094410B /* GeneralKitSwiftUIMacOsExampleApp.swift */,
				8B4EE9462BA8E7990094410B /* ContentView.swift */,
				8B4EE9482BA8E79A0094410B /* Assets.xcassets */,
				8B4EE94D2BA8E79A0094410B /* GeneralKitSwiftUIMacOsExample.entitlements */,
				8B4EE94A2BA8E79A0094410B /* Preview Content */,
			);
			path = GeneralKitSwiftUIMacOsExample;
			sourceTree = "<group>";
		};
		8B4EE94A2BA8E79A0094410B /* Preview Content */ = {
			isa = PBXGroup;
			children = (
				8B4EE94B2BA8E79A0094410B /* Preview Assets.xcassets */,
			);
			path = "Preview Content";
			sourceTree = "<group>";
		};
		8B7DA025290AA1D600D65C97 /* TableList */ = {
			isa = PBXGroup;
			children = (
				8B2A0BDE28FD605200244000 /* TableListExampleViewController.swift */,
				8B7DA027290AA20900D65C97 /* TableSectionListExampleViewController.swift */,
				8B76580E2906F6910047E799 /* NewTableViewCell.swift */,
				8B76580F2906F6910047E799 /* NewTableViewCell.xib */,
				8B4D26FD29AE7A0C00E51353 /* TableSectionView */,
			);
			path = TableList;
			sourceTree = "<group>";
		};
		8B7DA026290AA1E100D65C97 /* CollectionList */ = {
			isa = PBXGroup;
			children = (
				8B091F45290BD54300D38C91 /* SectionHeaderCollectionView.swift */,
				8B091F47290BD55800D38C91 /* SectionHeaderCollectionView.xib */,
				8B765814290703870047E799 /* NewCollectionViewCell.swift */,
				8B765816290703D70047E799 /* NewCollectionViewCell.xib */,
				8B765818290705000047E799 /* CollectionListExampleViewController.swift */,
				8B091F4B290C327100D38C91 /* CollectionSectionListExampleViewController.swift */,
				8BA42AC52AC027C30092CF2F /* CollectionSectionListWithCompositionalLayoutExampleViewController .swift */,
			);
			path = CollectionList;
			sourceTree = "<group>";
		};
		BE318A347E2C89068BBE3181 /* Pods */ = {
			isa = PBXGroup;
			children = (
				AF20E814DCE5C8DAB96E13F8 /* Pods-GeneralKit.debug.xcconfig */,
				408D9AE46DA44FF20F8288EE /* Pods-GeneralKit.release.xcconfig */,
				4774B2A943CF0C92227A9E98 /* Pods-GeneralKitExample.debug.xcconfig */,
				0AC3AE4EBBB12ADFA8D57C22 /* Pods-GeneralKitExample.release.xcconfig */,
				30C79244BAE109FE37EF8932 /* Pods-GeneralKitUIKitExample.debug.xcconfig */,
				D362F567F333A3308FFF0A8C /* Pods-GeneralKitUIKitExample.release.xcconfig */,
				5F8D6BE989BC1CFC8EA5EA14 /* Pods-GeneralKitSwiftUIMacOsExample.debug.xcconfig */,
				03DB3DFB2577804B6A78FEA4 /* Pods-GeneralKitSwiftUIMacOsExample.release.xcconfig */,
			);
			path = Pods;
			sourceTree = "<group>";
		};
		DB371AC37CD5F7C66863648A /* Frameworks */ = {
			isa = PBXGroup;
			children = (
				6FA254326E754360B8CAA819 /* Pods_GeneralKit.framework */,
				D8856D2F0110DAB555B607AE /* Pods_GeneralKitExample.framework */,
				6AC6FB5EA3D1A4A21CD0852F /* Pods_GeneralKitUIKitExample.framework */,
				CF79ADAEA97AE0AA548AE8D5 /* Pods_GeneralKitSwiftUIMacOsExample.framework */,
			);
			name = Frameworks;
			sourceTree = "<group>";
		};
/* End PBXGroup section */

/* Begin PBXHeadersBuildPhase section */
		4E20239728DE5190004DA975 /* Headers */ = {
			isa = PBXHeadersBuildPhase;
			buildActionMask = 2147483647;
			files = (
				8B5BC8432DB52CC00051EA4E /* UIScrollView+InfiniteScroll.h in Headers */,
			);
			runOnlyForDeploymentPostprocessing = 0;
		};
/* End PBXHeadersBuildPhase section */

/* Begin PBXNativeTarget section */
		4E20239B28DE5190004DA975 /* GeneralKit */ = {
			isa = PBXNativeTarget;
			buildConfigurationList = 4E2023A328DE5190004DA975 /* Build configuration list for PBXNativeTarget "GeneralKit" */;
			buildPhases = (
				82C16AB94D2B9EE38AD44805 /* [CP] Check Pods Manifest.lock */,
				4E20239728DE5190004DA975 /* Headers */,
				4E20239828DE5190004DA975 /* Sources */,
				4E20239928DE5190004DA975 /* Frameworks */,
				4E20239A28DE5190004DA975 /* Resources */,
			);
			buildRules = (
			);
			dependencies = (
			);
			name = GeneralKit;
			productName = GeneralKit;
			productReference = 4E20239C28DE5190004DA975 /* GeneralKit.framework */;
			productType = "com.apple.product-type.framework";
		};
		4ECFD2EF28DF415B006A5087 /* GeneralKitExample */ = {
			isa = PBXNativeTarget;
			buildConfigurationList = 4ECFD2FE28DF415E006A5087 /* Build configuration list for PBXNativeTarget "GeneralKitExample" */;
			buildPhases = (
				DDCF66D5F209301D0EBC52B2 /* [CP] Check Pods Manifest.lock */,
				4ECFD2EC28DF415B006A5087 /* Sources */,
				4ECFD2ED28DF415B006A5087 /* Frameworks */,
				4ECFD2EE28DF415B006A5087 /* Resources */,
				4ECFD30B28DF4747006A5087 /* Embed Frameworks */,
				AED9C1A72E8D6D6E813FC5BA /* [CP] Embed Pods Frameworks */,
			);
			buildRules = (
			);
			dependencies = (
				4ECFD30A28DF4747006A5087 /* PBXTargetDependency */,
			);
			name = GeneralKitExample;
			productName = GeneralKitExample;
			productReference = 4ECFD2F028DF415B006A5087 /* GeneralKitExample.app */;
			productType = "com.apple.product-type.application";
		};
		8B2A0BD728FD605200244000 /* GeneralKitUIKitExample */ = {
			isa = PBXNativeTarget;
			buildConfigurationList = 8B2A0BFF28FD605300244000 /* Build configuration list for PBXNativeTarget "GeneralKitUIKitExample" */;
			buildPhases = (
				D4095C91FBF6041B468A5535 /* [CP] Check Pods Manifest.lock */,
				8B2A0BD428FD605200244000 /* Sources */,
				8B2A0BD528FD605200244000 /* Frameworks */,
				8B2A0BD628FD605200244000 /* Resources */,
				8BB8786C28FDBBAB000D9204 /* Embed Frameworks */,
				7BC1FB5EAF734D2DE636C43C /* [CP] Embed Pods Frameworks */,
			);
			buildRules = (
			);
			dependencies = (
				8BB8786B28FDBBAB000D9204 /* PBXTargetDependency */,
			);
			name = GeneralKitUIKitExample;
			productName = GeneralKitUIKitExample;
			productReference = 8B2A0BD828FD605200244000 /* GeneralKitUIKitExample.app */;
			productType = "com.apple.product-type.application";
		};
		8B2A0BEC28FD605300244000 /* GeneralKitUIKitExampleTests */ = {
			isa = PBXNativeTarget;
			buildConfigurationList = 8B2A0C0228FD605300244000 /* Build configuration list for PBXNativeTarget "GeneralKitUIKitExampleTests" */;
			buildPhases = (
				8B2A0BE928FD605300244000 /* Sources */,
				8B2A0BEA28FD605300244000 /* Frameworks */,
				8B2A0BEB28FD605300244000 /* Resources */,
			);
			buildRules = (
			);
			dependencies = (
				8B2A0BEF28FD605300244000 /* PBXTargetDependency */,
			);
			name = GeneralKitUIKitExampleTests;
			productName = GeneralKitUIKitExampleTests;
			productReference = 8B2A0BED28FD605300244000 /* GeneralKitUIKitExampleTests.xctest */;
			productType = "com.apple.product-type.bundle.unit-test";
		};
		8B2A0BF628FD605300244000 /* GeneralKitUIKitExampleUITests */ = {
			isa = PBXNativeTarget;
			buildConfigurationList = 8B2A0C0528FD605300244000 /* Build configuration list for PBXNativeTarget "GeneralKitUIKitExampleUITests" */;
			buildPhases = (
				8B2A0BF328FD605300244000 /* Sources */,
				8B2A0BF428FD605300244000 /* Frameworks */,
				8B2A0BF528FD605300244000 /* Resources */,
			);
			buildRules = (
			);
			dependencies = (
				8B2A0BF928FD605300244000 /* PBXTargetDependency */,
			);
			name = GeneralKitUIKitExampleUITests;
			productName = GeneralKitUIKitExampleUITests;
			productReference = 8B2A0BF728FD605300244000 /* GeneralKitUIKitExampleUITests.xctest */;
			productType = "com.apple.product-type.bundle.ui-testing";
		};
		8B4EE9412BA8E7990094410B /* GeneralKitSwiftUIMacOsExample */ = {
			isa = PBXNativeTarget;
			buildConfigurationList = 8B4EE9502BA8E79A0094410B /* Build configuration list for PBXNativeTarget "GeneralKitSwiftUIMacOsExample" */;
			buildPhases = (
				4A7B54975DC0F1EEBFD39CF8 /* [CP] Check Pods Manifest.lock */,
				8B4EE93E2BA8E7990094410B /* Sources */,
				8B4EE93F2BA8E7990094410B /* Frameworks */,
				8B4EE9402BA8E7990094410B /* Resources */,
				8B4EE9562BA8ED600094410B /* Embed Frameworks */,
				466C6C99AEBCD758CCFF25E4 /* [CP] Embed Pods Frameworks */,
			);
			buildRules = (
			);
			dependencies = (
				8B4EE9552BA8ED600094410B /* PBXTargetDependency */,
			);
			name = GeneralKitSwiftUIMacOsExample;
			productName = GeneralKitSwiftUIMacOsExample;
			productReference = 8B4EE9422BA8E7990094410B /* GeneralKitSwiftUIMacOsExample.app */;
			productType = "com.apple.product-type.application";
		};
/* End PBXNativeTarget section */

/* Begin PBXProject section */
		4E20239328DE5190004DA975 /* Project object */ = {
			isa = PBXProject;
			attributes = {
				BuildIndependentTargetsInParallel = 1;
				LastSwiftUpdateCheck = 1530;
				LastUpgradeCheck = 1400;
				TargetAttributes = {
					4E20239B28DE5190004DA975 = {
						CreatedOnToolsVersion = 14.0;
						LastSwiftMigration = 1400;
					};
					4ECFD2EF28DF415B006A5087 = {
						CreatedOnToolsVersion = 14.0;
					};
					8B2A0BD728FD605200244000 = {
						CreatedOnToolsVersion = 14.0.1;
					};
					8B2A0BEC28FD605300244000 = {
						CreatedOnToolsVersion = 14.0.1;
						TestTargetID = 8B2A0BD728FD605200244000;
					};
					8B2A0BF628FD605300244000 = {
						CreatedOnToolsVersion = 14.0.1;
						TestTargetID = 8B2A0BD728FD605200244000;
					};
					8B4EE9412BA8E7990094410B = {
						CreatedOnToolsVersion = 15.3;
					};
				};
			};
			buildConfigurationList = 4E20239628DE5190004DA975 /* Build configuration list for PBXProject "GeneralKit" */;
			compatibilityVersion = "Xcode 14.0";
			developmentRegion = en;
			hasScannedForEncodings = 0;
			knownRegions = (
				en,
				Base,
			);
			mainGroup = 4E20239228DE5190004DA975;
			productRefGroup = 4E20239D28DE5190004DA975 /* Products */;
			projectDirPath = "";
			projectRoot = "";
			targets = (
				4E20239B28DE5190004DA975 /* GeneralKit */,
				4ECFD2EF28DF415B006A5087 /* GeneralKitExample */,
				8B2A0BD728FD605200244000 /* GeneralKitUIKitExample */,
				8B2A0BEC28FD605300244000 /* GeneralKitUIKitExampleTests */,
				8B2A0BF628FD605300244000 /* GeneralKitUIKitExampleUITests */,
				8B4EE9412BA8E7990094410B /* GeneralKitSwiftUIMacOsExample */,
			);
		};
/* End PBXProject section */

/* Begin PBXResourcesBuildPhase section */
		4E20239A28DE5190004DA975 /* Resources */ = {
			isa = PBXResourcesBuildPhase;
			buildActionMask = 2147483647;
			files = (
				8B2A0BD228FD57F400244000 /* ListPlaceHolderView.xib in Resources */,
			);
			runOnlyForDeploymentPostprocessing = 0;
		};
		4ECFD2EE28DF415B006A5087 /* Resources */ = {
			isa = PBXResourcesBuildPhase;
			buildActionMask = 2147483647;
			files = (
				4ECFD2FB28DF415E006A5087 /* Preview Assets.xcassets in Resources */,
				4ECFD2F728DF415E006A5087 /* Assets.xcassets in Resources */,
				4E6323F228EA06CA005DBE9B /* usersList4.json in Resources */,
				4E6323F428EA06CA005DBE9B /* usersList3.json in Resources */,
				4E6323F328EA06CA005DBE9B /* usersList2.json in Resources */,
				4E6323F528EA06CA005DBE9B /* login.json in Resources */,
				4E6323F628EA06CA005DBE9B /* usersList1.json in Resources */,
			);
			runOnlyForDeploymentPostprocessing = 0;
		};
		8B2A0BD628FD605200244000 /* Resources */ = {
			isa = PBXResourcesBuildPhase;
			buildActionMask = 2147483647;
			files = (
				8B765817290703D70047E799 /* NewCollectionViewCell.xib in Resources */,
				8B091F48290BD55800D38C91 /* SectionHeaderCollectionView.xib in Resources */,
				8B2A0BE728FD605200244000 /* LaunchScreen.storyboard in Resources */,
				8B4D270029AE7A0C00E51353 /* TableSectionView.xib in Resources */,
				8B2A0BE428FD605200244000 /* Assets.xcassets in Resources */,
				8B7658112906F6920047E799 /* NewTableViewCell.xib in Resources */,
				8B2A0BE228FD605200244000 /* Main.storyboard in Resources */,
			);
			runOnlyForDeploymentPostprocessing = 0;
		};
		8B2A0BEB28FD605300244000 /* Resources */ = {
			isa = PBXResourcesBuildPhase;
			buildActionMask = 2147483647;
			files = (
			);
			runOnlyForDeploymentPostprocessing = 0;
		};
		8B2A0BF528FD605300244000 /* Resources */ = {
			isa = PBXResourcesBuildPhase;
			buildActionMask = 2147483647;
			files = (
			);
			runOnlyForDeploymentPostprocessing = 0;
		};
		8B4EE9402BA8E7990094410B /* Resources */ = {
			isa = PBXResourcesBuildPhase;
			buildActionMask = 2147483647;
			files = (
				8B4EE94C2BA8E79A0094410B /* Preview Assets.xcassets in Resources */,
				8B4EE9492BA8E79A0094410B /* Assets.xcassets in Resources */,
			);
			runOnlyForDeploymentPostprocessing = 0;
		};
/* End PBXResourcesBuildPhase section */

/* Begin PBXShellScriptBuildPhase section */
		466C6C99AEBCD758CCFF25E4 /* [CP] Embed Pods Frameworks */ = {
			isa = PBXShellScriptBuildPhase;
			buildActionMask = 2147483647;
			files = (
			);
			inputFileListPaths = (
				"${PODS_ROOT}/Target Support Files/Pods-GeneralKitSwiftUIMacOsExample/Pods-GeneralKitSwiftUIMacOsExample-frameworks-${CONFIGURATION}-input-files.xcfilelist",
			);
			name = "[CP] Embed Pods Frameworks";
			outputFileListPaths = (
				"${PODS_ROOT}/Target Support Files/Pods-GeneralKitSwiftUIMacOsExample/Pods-GeneralKitSwiftUIMacOsExample-frameworks-${CONFIGURATION}-output-files.xcfilelist",
			);
			runOnlyForDeploymentPostprocessing = 0;
			shellPath = /bin/sh;
			shellScript = "\"${PODS_ROOT}/Target Support Files/Pods-GeneralKitSwiftUIMacOsExample/Pods-GeneralKitSwiftUIMacOsExample-frameworks.sh\"\n";
			showEnvVarsInLog = 0;
		};
		4A7B54975DC0F1EEBFD39CF8 /* [CP] Check Pods Manifest.lock */ = {
			isa = PBXShellScriptBuildPhase;
			buildActionMask = 2147483647;
			files = (
			);
			inputFileListPaths = (
			);
			inputPaths = (
				"${PODS_PODFILE_DIR_PATH}/Podfile.lock",
				"${PODS_ROOT}/Manifest.lock",
			);
			name = "[CP] Check Pods Manifest.lock";
			outputFileListPaths = (
			);
			outputPaths = (
				"$(DERIVED_FILE_DIR)/Pods-GeneralKitSwiftUIMacOsExample-checkManifestLockResult.txt",
			);
			runOnlyForDeploymentPostprocessing = 0;
			shellPath = /bin/sh;
			shellScript = "diff \"${PODS_PODFILE_DIR_PATH}/Podfile.lock\" \"${PODS_ROOT}/Manifest.lock\" > /dev/null\nif [ $? != 0 ] ; then\n    # print error to STDERR\n    echo \"error: The sandbox is not in sync with the Podfile.lock. Run 'pod install' or update your CocoaPods installation.\" >&2\n    exit 1\nfi\n# This output is used by Xcode 'outputs' to avoid re-running this script phase.\necho \"SUCCESS\" > \"${SCRIPT_OUTPUT_FILE_0}\"\n";
			showEnvVarsInLog = 0;
		};
		7BC1FB5EAF734D2DE636C43C /* [CP] Embed Pods Frameworks */ = {
			isa = PBXShellScriptBuildPhase;
			buildActionMask = 2147483647;
			files = (
			);
			inputFileListPaths = (
				"${PODS_ROOT}/Target Support Files/Pods-GeneralKitUIKitExample/Pods-GeneralKitUIKitExample-frameworks-${CONFIGURATION}-input-files.xcfilelist",
			);
			name = "[CP] Embed Pods Frameworks";
			outputFileListPaths = (
				"${PODS_ROOT}/Target Support Files/Pods-GeneralKitUIKitExample/Pods-GeneralKitUIKitExample-frameworks-${CONFIGURATION}-output-files.xcfilelist",
			);
			runOnlyForDeploymentPostprocessing = 0;
			shellPath = /bin/sh;
			shellScript = "\"${PODS_ROOT}/Target Support Files/Pods-GeneralKitUIKitExample/Pods-GeneralKitUIKitExample-frameworks.sh\"\n";
			showEnvVarsInLog = 0;
		};
		82C16AB94D2B9EE38AD44805 /* [CP] Check Pods Manifest.lock */ = {
			isa = PBXShellScriptBuildPhase;
			buildActionMask = 2147483647;
			files = (
			);
			inputFileListPaths = (
			);
			inputPaths = (
				"${PODS_PODFILE_DIR_PATH}/Podfile.lock",
				"${PODS_ROOT}/Manifest.lock",
			);
			name = "[CP] Check Pods Manifest.lock";
			outputFileListPaths = (
			);
			outputPaths = (
				"$(DERIVED_FILE_DIR)/Pods-GeneralKit-checkManifestLockResult.txt",
			);
			runOnlyForDeploymentPostprocessing = 0;
			shellPath = /bin/sh;
			shellScript = "diff \"${PODS_PODFILE_DIR_PATH}/Podfile.lock\" \"${PODS_ROOT}/Manifest.lock\" > /dev/null\nif [ $? != 0 ] ; then\n    # print error to STDERR\n    echo \"error: The sandbox is not in sync with the Podfile.lock. Run 'pod install' or update your CocoaPods installation.\" >&2\n    exit 1\nfi\n# This output is used by Xcode 'outputs' to avoid re-running this script phase.\necho \"SUCCESS\" > \"${SCRIPT_OUTPUT_FILE_0}\"\n";
			showEnvVarsInLog = 0;
		};
		AED9C1A72E8D6D6E813FC5BA /* [CP] Embed Pods Frameworks */ = {
			isa = PBXShellScriptBuildPhase;
			buildActionMask = 2147483647;
			files = (
			);
			inputFileListPaths = (
				"${PODS_ROOT}/Target Support Files/Pods-GeneralKitExample/Pods-GeneralKitExample-frameworks-${CONFIGURATION}-input-files.xcfilelist",
			);
			name = "[CP] Embed Pods Frameworks";
			outputFileListPaths = (
				"${PODS_ROOT}/Target Support Files/Pods-GeneralKitExample/Pods-GeneralKitExample-frameworks-${CONFIGURATION}-output-files.xcfilelist",
			);
			runOnlyForDeploymentPostprocessing = 0;
			shellPath = /bin/sh;
			shellScript = "\"${PODS_ROOT}/Target Support Files/Pods-GeneralKitExample/Pods-GeneralKitExample-frameworks.sh\"\n";
			showEnvVarsInLog = 0;
		};
		D4095C91FBF6041B468A5535 /* [CP] Check Pods Manifest.lock */ = {
			isa = PBXShellScriptBuildPhase;
			buildActionMask = 2147483647;
			files = (
			);
			inputFileListPaths = (
			);
			inputPaths = (
				"${PODS_PODFILE_DIR_PATH}/Podfile.lock",
				"${PODS_ROOT}/Manifest.lock",
			);
			name = "[CP] Check Pods Manifest.lock";
			outputFileListPaths = (
			);
			outputPaths = (
				"$(DERIVED_FILE_DIR)/Pods-GeneralKitUIKitExample-checkManifestLockResult.txt",
			);
			runOnlyForDeploymentPostprocessing = 0;
			shellPath = /bin/sh;
			shellScript = "diff \"${PODS_PODFILE_DIR_PATH}/Podfile.lock\" \"${PODS_ROOT}/Manifest.lock\" > /dev/null\nif [ $? != 0 ] ; then\n    # print error to STDERR\n    echo \"error: The sandbox is not in sync with the Podfile.lock. Run 'pod install' or update your CocoaPods installation.\" >&2\n    exit 1\nfi\n# This output is used by Xcode 'outputs' to avoid re-running this script phase.\necho \"SUCCESS\" > \"${SCRIPT_OUTPUT_FILE_0}\"\n";
			showEnvVarsInLog = 0;
		};
		DDCF66D5F209301D0EBC52B2 /* [CP] Check Pods Manifest.lock */ = {
			isa = PBXShellScriptBuildPhase;
			buildActionMask = 2147483647;
			files = (
			);
			inputFileListPaths = (
			);
			inputPaths = (
				"${PODS_PODFILE_DIR_PATH}/Podfile.lock",
				"${PODS_ROOT}/Manifest.lock",
			);
			name = "[CP] Check Pods Manifest.lock";
			outputFileListPaths = (
			);
			outputPaths = (
				"$(DERIVED_FILE_DIR)/Pods-GeneralKitExample-checkManifestLockResult.txt",
			);
			runOnlyForDeploymentPostprocessing = 0;
			shellPath = /bin/sh;
			shellScript = "diff \"${PODS_PODFILE_DIR_PATH}/Podfile.lock\" \"${PODS_ROOT}/Manifest.lock\" > /dev/null\nif [ $? != 0 ] ; then\n    # print error to STDERR\n    echo \"error: The sandbox is not in sync with the Podfile.lock. Run 'pod install' or update your CocoaPods installation.\" >&2\n    exit 1\nfi\n# This output is used by Xcode 'outputs' to avoid re-running this script phase.\necho \"SUCCESS\" > \"${SCRIPT_OUTPUT_FILE_0}\"\n";
			showEnvVarsInLog = 0;
		};
/* End PBXShellScriptBuildPhase section */

/* Begin PBXSourcesBuildPhase section */
		4E20239828DE5190004DA975 /* Sources */ = {
			isa = PBXSourcesBuildPhase;
			buildActionMask = 2147483647;
			files = (
				8B76580D2906F4BF0047E799 /* GeneralKitEx.swift in Sources */,
				4ECFD30F28DF515B006A5087 /* RequestBuilder.swift in Sources */,
				4ECFD2E928DF1710006A5087 /* BaseRequest.swift in Sources */,
				8B7658132906FCB50047E799 /* GeneralCollectionView.swift in Sources */,
				8B45381229D8DF21007966D1 /* RequestBuilderGroup.swift in Sources */,
				8B091F4A290C290100D38C91 /* GeneralList.swift in Sources */,
				8B2A0BD328FD57F400244000 /* ListPlaceHolderView.swift in Sources */,
				8B2A0BC628FD398C00244000 /* GeneralTableView.swift in Sources */,
				4ECFD2EB28DF175B006A5087 /* ValidationObject.swift in Sources */,
				4EE7AF1728E8249100B81C8B /* PaginationManager.swift in Sources */,
				8B5BC8422DB52CC00051EA4E /* UIScrollView+InfiniteScroll.m in Sources */,
			);
			runOnlyForDeploymentPostprocessing = 0;
		};
		4ECFD2EC28DF415B006A5087 /* Sources */ = {
			isa = PBXSourcesBuildPhase;
			buildActionMask = 2147483647;
			files = (
				8B5BC6A92DB4EC0E0051EA4E /* _User.swift in Sources */,
				8B5BC6AA2DB4EC0E0051EA4E /* User.swift in Sources */,
				4E57749128E8BBB60075C5B0 /* NewRequest.swift in Sources */,
				4ECFD2F528DF415B006A5087 /* ContentView.swift in Sources */,
				4EE7AF1528E8216F00B81C8B /* ResponseHandler.swift in Sources */,
				8BDFBC192C288CDF00902F63 /* _Role.swift in Sources */,
				4ECFD30028DF41B9006A5087 /* ContentViewModel.swift in Sources */,
				4E57749428E8BC3C0075C5B0 /* BaseResponse.swift in Sources */,
				4E57748E28E8BB790075C5B0 /* AppBaseRequest.swift in Sources */,
				4E57749D28E8D2AA0075C5B0 /* ItemRequest.swift in Sources */,
				4E57749828E8BF210075C5B0 /* ItemsView.swift in Sources */,
				8B27DEDB2931438A00026312 /* NormalNetworkExampleView.swift in Sources */,
				8B27DEDA2931438A00026312 /* NormalNetworkExampleViewModel.swift in Sources */,
				4E6323FA28EA0CD0005DBE9B /* UserRequest.swift in Sources */,
				8BDFBC182C288CDF00902F63 /* _Person.swift in Sources */,
				4ECFD2F328DF415B006A5087 /* GeneralKitExampleApp.swift in Sources */,
				4E57749628E8BF060075C5B0 /* ItemsViewModel.swift in Sources */,
				8BDFBC172C288CDF00902F63 /* Person.swift in Sources */,
				8BDFBC152C288CDF00902F63 /* Role.swift in Sources */,
			);
			runOnlyForDeploymentPostprocessing = 0;
		};
		8B2A0BD428FD605200244000 /* Sources */ = {
			isa = PBXSourcesBuildPhase;
			buildActionMask = 2147483647;
			files = (
				8B765819290705000047E799 /* CollectionListExampleViewController.swift in Sources */,
				8BD1493729B1D02F0024EDD8 /* NormalNetworkExampleViewController.swift in Sources */,
				8BA6738129068A8500A6CE14 /* BaseResponse.swift in Sources */,
				8B7DA028290AA20900D65C97 /* TableSectionListExampleViewController.swift in Sources */,
				8B091F4C290C327100D38C91 /* CollectionSectionListExampleViewController.swift in Sources */,
				8B091F46290BD54300D38C91 /* SectionHeaderCollectionView.swift in Sources */,
				8B2A0BDF28FD605200244000 /* TableListExampleViewController.swift in Sources */,
				8B5BC83A2DB51DCF0051EA4E /* _Role.swift in Sources */,
				8B5BC83B2DB51DCF0051EA4E /* _Person.swift in Sources */,
				8B5BC83C2DB51DCF0051EA4E /* Role.swift in Sources */,
				8B5BC83D2DB51DCF0051EA4E /* Person.swift in Sources */,
				8BA6737C29068A6900A6CE14 /* ResponseHandler.swift in Sources */,
				8B765815290703870047E799 /* NewCollectionViewCell.swift in Sources */,
				8B7658102906F6920047E799 /* NewTableViewCell.swift in Sources */,
				8BA6737E29068A7A00A6CE14 /* UserRequest.swift in Sources */,
				8BA42AC62AC027C30092CF2F /* CollectionSectionListWithCompositionalLayoutExampleViewController .swift in Sources */,
				8B5BC8392DB51D8C0051EA4E /* _User.swift in Sources */,
				8B2A0BDB28FD605200244000 /* AppDelegate.swift in Sources */,
				8B4D270129AE7A0C00E51353 /* TableSectionView.swift in Sources */,
				8BA6737D29068A6D00A6CE14 /* AppBaseRequest.swift in Sources */,
				8B2A0BDD28FD605200244000 /* SceneDelegate.swift in Sources */,
				8BA6738029068A7A00A6CE14 /* NewRequest.swift in Sources */,
				8BA6737F29068A7A00A6CE14 /* ItemRequest.swift in Sources */,
				8B5BC8382DB51D810051EA4E /* User.swift in Sources */,
			);
			runOnlyForDeploymentPostprocessing = 0;
		};
		8B2A0BE928FD605300244000 /* Sources */ = {
			isa = PBXSourcesBuildPhase;
			buildActionMask = 2147483647;
			files = (
				8B2A0BF228FD605300244000 /* GeneralKitUIKitExampleTests.swift in Sources */,
			);
			runOnlyForDeploymentPostprocessing = 0;
		};
		8B2A0BF328FD605300244000 /* Sources */ = {
			isa = PBXSourcesBuildPhase;
			buildActionMask = 2147483647;
			files = (
				8B2A0BFE28FD605300244000 /* GeneralKitUIKitExampleUITestsLaunchTests.swift in Sources */,
				8B2A0BFC28FD605300244000 /* GeneralKitUIKitExampleUITests.swift in Sources */,
			);
			runOnlyForDeploymentPostprocessing = 0;
		};
		8B4EE93E2BA8E7990094410B /* Sources */ = {
			isa = PBXSourcesBuildPhase;
			buildActionMask = 2147483647;
			files = (
				8B4EE9472BA8E7990094410B /* ContentView.swift in Sources */,
				8B4EE9452BA8E7990094410B /* GeneralKitSwiftUIMacOsExampleApp.swift in Sources */,
			);
			runOnlyForDeploymentPostprocessing = 0;
		};
/* End PBXSourcesBuildPhase section */

/* Begin PBXTargetDependency section */
		4ECFD30A28DF4747006A5087 /* PBXTargetDependency */ = {
			isa = PBXTargetDependency;
			platformFilter = ios;
			target = 4E20239B28DE5190004DA975 /* GeneralKit */;
			targetProxy = 4ECFD30928DF4747006A5087 /* PBXContainerItemProxy */;
		};
		8B2A0BEF28FD605300244000 /* PBXTargetDependency */ = {
			isa = PBXTargetDependency;
			target = 8B2A0BD728FD605200244000 /* GeneralKitUIKitExample */;
			targetProxy = 8B2A0BEE28FD605300244000 /* PBXContainerItemProxy */;
		};
		8B2A0BF928FD605300244000 /* PBXTargetDependency */ = {
			isa = PBXTargetDependency;
			target = 8B2A0BD728FD605200244000 /* GeneralKitUIKitExample */;
			targetProxy = 8B2A0BF828FD605300244000 /* PBXContainerItemProxy */;
		};
		8B4EE9552BA8ED600094410B /* PBXTargetDependency */ = {
			isa = PBXTargetDependency;
			target = 4E20239B28DE5190004DA975 /* GeneralKit */;
			targetProxy = 8B4EE9542BA8ED600094410B /* PBXContainerItemProxy */;
		};
		8BB8786B28FDBBAB000D9204 /* PBXTargetDependency */ = {
			isa = PBXTargetDependency;
			target = 4E20239B28DE5190004DA975 /* GeneralKit */;
			targetProxy = 8BB8786A28FDBBAB000D9204 /* PBXContainerItemProxy */;
		};
/* End PBXTargetDependency section */

/* Begin PBXVariantGroup section */
		8B2A0BE028FD605200244000 /* Main.storyboard */ = {
			isa = PBXVariantGroup;
			children = (
				8B2A0BE128FD605200244000 /* Base */,
			);
			name = Main.storyboard;
			sourceTree = "<group>";
		};
		8B2A0BE528FD605200244000 /* LaunchScreen.storyboard */ = {
			isa = PBXVariantGroup;
			children = (
				8B2A0BE628FD605200244000 /* Base */,
			);
			name = LaunchScreen.storyboard;
			sourceTree = "<group>";
		};
/* End PBXVariantGroup section */

/* Begin XCBuildConfiguration section */
		4E2023A128DE5190004DA975 /* Debug */ = {
			isa = XCBuildConfiguration;
			buildSettings = {
				ALWAYS_SEARCH_USER_PATHS = NO;
				CLANG_ANALYZER_NONNULL = YES;
				CLANG_ANALYZER_NUMBER_OBJECT_CONVERSION = YES_AGGRESSIVE;
				CLANG_CXX_LANGUAGE_STANDARD = "gnu++20";
				CLANG_ENABLE_MODULES = YES;
				CLANG_ENABLE_OBJC_ARC = YES;
				CLANG_ENABLE_OBJC_WEAK = YES;
				CLANG_WARN_BLOCK_CAPTURE_AUTORELEASING = YES;
				CLANG_WARN_BOOL_CONVERSION = YES;
				CLANG_WARN_COMMA = YES;
				CLANG_WARN_CONSTANT_CONVERSION = YES;
				CLANG_WARN_DEPRECATED_OBJC_IMPLEMENTATIONS = YES;
				CLANG_WARN_DIRECT_OBJC_ISA_USAGE = YES_ERROR;
				CLANG_WARN_DOCUMENTATION_COMMENTS = YES;
				CLANG_WARN_EMPTY_BODY = YES;
				CLANG_WARN_ENUM_CONVERSION = YES;
				CLANG_WARN_INFINITE_RECURSION = YES;
				CLANG_WARN_INT_CONVERSION = YES;
				CLANG_WARN_NON_LITERAL_NULL_CONVERSION = YES;
				CLANG_WARN_OBJC_IMPLICIT_RETAIN_SELF = YES;
				CLANG_WARN_OBJC_LITERAL_CONVERSION = YES;
				CLANG_WARN_OBJC_ROOT_CLASS = YES_ERROR;
				CLANG_WARN_QUOTED_INCLUDE_IN_FRAMEWORK_HEADER = YES;
				CLANG_WARN_RANGE_LOOP_ANALYSIS = YES;
				CLANG_WARN_STRICT_PROTOTYPES = YES;
				CLANG_WARN_SUSPICIOUS_MOVE = YES;
				CLANG_WARN_UNGUARDED_AVAILABILITY = YES_AGGRESSIVE;
				CLANG_WARN_UNREACHABLE_CODE = YES;
				CLANG_WARN__DUPLICATE_METHOD_MATCH = YES;
				COPY_PHASE_STRIP = NO;
				CURRENT_PROJECT_VERSION = 1;
				DEBUG_INFORMATION_FORMAT = dwarf;
				ENABLE_STRICT_OBJC_MSGSEND = YES;
				ENABLE_TESTABILITY = YES;
				GCC_C_LANGUAGE_STANDARD = gnu11;
				GCC_DYNAMIC_NO_PIC = NO;
				GCC_NO_COMMON_BLOCKS = YES;
				GCC_OPTIMIZATION_LEVEL = 0;
				GCC_PREPROCESSOR_DEFINITIONS = (
					"DEBUG=1",
					"$(inherited)",
				);
				GCC_WARN_64_TO_32_BIT_CONVERSION = YES;
				GCC_WARN_ABOUT_RETURN_TYPE = YES_ERROR;
				GCC_WARN_UNDECLARED_SELECTOR = YES;
				GCC_WARN_UNINITIALIZED_AUTOS = YES_AGGRESSIVE;
				GCC_WARN_UNUSED_FUNCTION = YES;
				GCC_WARN_UNUSED_VARIABLE = YES;
				IPHONEOS_DEPLOYMENT_TARGET = 13.0;
				MACOSX_DEPLOYMENT_TARGET = 10.15;
				MTL_ENABLE_DEBUG_INFO = INCLUDE_SOURCE;
				MTL_FAST_MATH = YES;
				ONLY_ACTIVE_ARCH = YES;
				SDKROOT = iphoneos;
				SWIFT_ACTIVE_COMPILATION_CONDITIONS = DEBUG;
				SWIFT_OPTIMIZATION_LEVEL = "-Onone";
				VERSIONING_SYSTEM = "apple-generic";
				VERSION_INFO_PREFIX = "";
			};
			name = Debug;
		};
		4E2023A228DE5190004DA975 /* Release */ = {
			isa = XCBuildConfiguration;
			buildSettings = {
				ALWAYS_SEARCH_USER_PATHS = NO;
				CLANG_ANALYZER_NONNULL = YES;
				CLANG_ANALYZER_NUMBER_OBJECT_CONVERSION = YES_AGGRESSIVE;
				CLANG_CXX_LANGUAGE_STANDARD = "gnu++20";
				CLANG_ENABLE_MODULES = YES;
				CLANG_ENABLE_OBJC_ARC = YES;
				CLANG_ENABLE_OBJC_WEAK = YES;
				CLANG_WARN_BLOCK_CAPTURE_AUTORELEASING = YES;
				CLANG_WARN_BOOL_CONVERSION = YES;
				CLANG_WARN_COMMA = YES;
				CLANG_WARN_CONSTANT_CONVERSION = YES;
				CLANG_WARN_DEPRECATED_OBJC_IMPLEMENTATIONS = YES;
				CLANG_WARN_DIRECT_OBJC_ISA_USAGE = YES_ERROR;
				CLANG_WARN_DOCUMENTATION_COMMENTS = YES;
				CLANG_WARN_EMPTY_BODY = YES;
				CLANG_WARN_ENUM_CONVERSION = YES;
				CLANG_WARN_INFINITE_RECURSION = YES;
				CLANG_WARN_INT_CONVERSION = YES;
				CLANG_WARN_NON_LITERAL_NULL_CONVERSION = YES;
				CLANG_WARN_OBJC_IMPLICIT_RETAIN_SELF = YES;
				CLANG_WARN_OBJC_LITERAL_CONVERSION = YES;
				CLANG_WARN_OBJC_ROOT_CLASS = YES_ERROR;
				CLANG_WARN_QUOTED_INCLUDE_IN_FRAMEWORK_HEADER = YES;
				CLANG_WARN_RANGE_LOOP_ANALYSIS = YES;
				CLANG_WARN_STRICT_PROTOTYPES = YES;
				CLANG_WARN_SUSPICIOUS_MOVE = YES;
				CLANG_WARN_UNGUARDED_AVAILABILITY = YES_AGGRESSIVE;
				CLANG_WARN_UNREACHABLE_CODE = YES;
				CLANG_WARN__DUPLICATE_METHOD_MATCH = YES;
				COPY_PHASE_STRIP = NO;
				CURRENT_PROJECT_VERSION = 1;
				DEBUG_INFORMATION_FORMAT = "dwarf-with-dsym";
				ENABLE_NS_ASSERTIONS = NO;
				ENABLE_STRICT_OBJC_MSGSEND = YES;
				GCC_C_LANGUAGE_STANDARD = gnu11;
				GCC_NO_COMMON_BLOCKS = YES;
				GCC_WARN_64_TO_32_BIT_CONVERSION = YES;
				GCC_WARN_ABOUT_RETURN_TYPE = YES_ERROR;
				GCC_WARN_UNDECLARED_SELECTOR = YES;
				GCC_WARN_UNINITIALIZED_AUTOS = YES_AGGRESSIVE;
				GCC_WARN_UNUSED_FUNCTION = YES;
				GCC_WARN_UNUSED_VARIABLE = YES;
				IPHONEOS_DEPLOYMENT_TARGET = 13.0;
				MACOSX_DEPLOYMENT_TARGET = 10.15;
				MTL_ENABLE_DEBUG_INFO = NO;
				MTL_FAST_MATH = YES;
				SDKROOT = iphoneos;
				SWIFT_COMPILATION_MODE = wholemodule;
				SWIFT_OPTIMIZATION_LEVEL = "-O";
				VALIDATE_PRODUCT = YES;
				VERSIONING_SYSTEM = "apple-generic";
				VERSION_INFO_PREFIX = "";
			};
			name = Release;
		};
		4E2023A428DE5190004DA975 /* Debug */ = {
			isa = XCBuildConfiguration;
			baseConfigurationReference = AF20E814DCE5C8DAB96E13F8 /* Pods-GeneralKit.debug.xcconfig */;
			buildSettings = {
				CLANG_ENABLE_MODULES = YES;
				CODE_SIGN_STYLE = Automatic;
				CURRENT_PROJECT_VERSION = 1;
				DEFINES_MODULE = YES;
				DEVELOPMENT_TEAM = "";
				DYLIB_COMPATIBILITY_VERSION = 1;
				DYLIB_CURRENT_VERSION = 1;
				DYLIB_INSTALL_NAME_BASE = "@rpath";
				"GCC_PREPROCESSOR_DEFINITIONS[sdk=macosx*]" = (
					"MACOS=2",
					"$(inherited)",
				);
				GENERATE_INFOPLIST_FILE = YES;
				INFOPLIST_KEY_NSHumanReadableCopyright = "";
				INSTALL_PATH = "$(LOCAL_LIBRARY_DIR)/Frameworks";
				LD_RUNPATH_SEARCH_PATHS = (
					"$(inherited)",
					"@executable_path/Frameworks",
					"@loader_path/Frameworks",
				);
				MARKETING_VERSION = 1.0;
				PRODUCT_BUNDLE_IDENTIFIER = "com.salahmohamedText-wr.GeneralKit";
				PRODUCT_NAME = "$(TARGET_NAME:c99extidentifier)";
				SKIP_INSTALL = YES;
				SUPPORTED_PLATFORMS = "iphoneos iphonesimulator";
				SUPPORTS_MACCATALYST = YES;
				SUPPORTS_MAC_DESIGNED_FOR_IPHONE_IPAD = YES;
				SWIFT_EMIT_LOC_STRINGS = YES;
				SWIFT_OBJC_BRIDGING_HEADER = GeneralKit/GeneralKitBridge.h;
				SWIFT_OPTIMIZATION_LEVEL = "-Onone";
				SWIFT_VERSION = 5.0;
				TARGETED_DEVICE_FAMILY = "1,2";
			};
			name = Debug;
		};
		4E2023A528DE5190004DA975 /* Release */ = {
			isa = XCBuildConfiguration;
			baseConfigurationReference = 408D9AE46DA44FF20F8288EE /* Pods-GeneralKit.release.xcconfig */;
			buildSettings = {
				CLANG_ENABLE_MODULES = YES;
				CODE_SIGN_STYLE = Automatic;
				CURRENT_PROJECT_VERSION = 1;
				DEFINES_MODULE = YES;
				DEVELOPMENT_TEAM = "";
				DYLIB_COMPATIBILITY_VERSION = 1;
				DYLIB_CURRENT_VERSION = 1;
				DYLIB_INSTALL_NAME_BASE = "@rpath";
				"GCC_PREPROCESSOR_DEFINITIONS[sdk=macosx*]" = (
					"$(inherited)",
					"COCOAPODS=1",
					"MACOS=2",
				);
				GENERATE_INFOPLIST_FILE = YES;
				INFOPLIST_KEY_NSHumanReadableCopyright = "";
				INSTALL_PATH = "$(LOCAL_LIBRARY_DIR)/Frameworks";
				LD_RUNPATH_SEARCH_PATHS = (
					"$(inherited)",
					"@executable_path/Frameworks",
					"@loader_path/Frameworks",
				);
				MARKETING_VERSION = 1.0;
				PRODUCT_BUNDLE_IDENTIFIER = "com.salahmohamedText-wr.GeneralKit";
				PRODUCT_NAME = "$(TARGET_NAME:c99extidentifier)";
				SKIP_INSTALL = YES;
				SUPPORTED_PLATFORMS = "iphoneos iphonesimulator";
				SUPPORTS_MACCATALYST = YES;
				SUPPORTS_MAC_DESIGNED_FOR_IPHONE_IPAD = YES;
				SWIFT_EMIT_LOC_STRINGS = YES;
				SWIFT_OBJC_BRIDGING_HEADER = GeneralKit/GeneralKitBridge.h;
				SWIFT_VERSION = 5.0;
				TARGETED_DEVICE_FAMILY = "1,2";
			};
			name = Release;
		};
		4ECFD2FC28DF415E006A5087 /* Debug */ = {
			isa = XCBuildConfiguration;
			baseConfigurationReference = 4774B2A943CF0C92227A9E98 /* Pods-GeneralKitExample.debug.xcconfig */;
			buildSettings = {
				ASSETCATALOG_COMPILER_APPICON_NAME = AppIcon;
				ASSETCATALOG_COMPILER_GLOBAL_ACCENT_COLOR_NAME = AccentColor;
				CODE_SIGN_ENTITLEMENTS = GeneralKitExample/GeneralKitExample.entitlements;
				CODE_SIGN_STYLE = Automatic;
				CURRENT_PROJECT_VERSION = 1;
				DEVELOPMENT_ASSET_PATHS = "\"GeneralKitExample/Preview Content\"";
				DEVELOPMENT_TEAM = 8C7RSZ7C3V;
				ENABLE_HARDENED_RUNTIME = YES;
				ENABLE_PREVIEWS = YES;
				GENERATE_INFOPLIST_FILE = YES;
				INFOPLIST_FILE = GeneralKitExample/Info.plist;
				"INFOPLIST_KEY_UIApplicationSceneManifest_Generation[sdk=iphoneos*]" = YES;
				"INFOPLIST_KEY_UIApplicationSceneManifest_Generation[sdk=iphonesimulator*]" = YES;
				"INFOPLIST_KEY_UIApplicationSupportsIndirectInputEvents[sdk=iphoneos*]" = YES;
				"INFOPLIST_KEY_UIApplicationSupportsIndirectInputEvents[sdk=iphonesimulator*]" = YES;
				"INFOPLIST_KEY_UILaunchScreen_Generation[sdk=iphoneos*]" = YES;
				"INFOPLIST_KEY_UILaunchScreen_Generation[sdk=iphonesimulator*]" = YES;
				"INFOPLIST_KEY_UIStatusBarStyle[sdk=iphoneos*]" = UIStatusBarStyleDefault;
				"INFOPLIST_KEY_UIStatusBarStyle[sdk=iphonesimulator*]" = UIStatusBarStyleDefault;
				INFOPLIST_KEY_UISupportedInterfaceOrientations_iPad = "UIInterfaceOrientationPortrait UIInterfaceOrientationPortraitUpsideDown UIInterfaceOrientationLandscapeLeft UIInterfaceOrientationLandscapeRight";
				INFOPLIST_KEY_UISupportedInterfaceOrientations_iPhone = "UIInterfaceOrientationPortrait UIInterfaceOrientationLandscapeLeft UIInterfaceOrientationLandscapeRight";
				IPHONEOS_DEPLOYMENT_TARGET = 16.0;
				LD_RUNPATH_SEARCH_PATHS = "@executable_path/Frameworks";
				"LD_RUNPATH_SEARCH_PATHS[sdk=macosx*]" = "@executable_path/../Frameworks";
				MACOSX_DEPLOYMENT_TARGET = 12.3;
				MARKETING_VERSION = 1.0;
				PRODUCT_BUNDLE_IDENTIFIER = "com.salahmohamedText-wr.GeneralKitExample";
				PRODUCT_NAME = "$(TARGET_NAME)";
				SDKROOT = auto;
				SUPPORTED_PLATFORMS = "iphoneos iphonesimulator macosx";
				SWIFT_EMIT_LOC_STRINGS = YES;
				SWIFT_VERSION = 5.0;
				TARGETED_DEVICE_FAMILY = "1,2";
			};
			name = Debug;
		};
		4ECFD2FD28DF415E006A5087 /* Release */ = {
			isa = XCBuildConfiguration;
			baseConfigurationReference = 0AC3AE4EBBB12ADFA8D57C22 /* Pods-GeneralKitExample.release.xcconfig */;
			buildSettings = {
				ASSETCATALOG_COMPILER_APPICON_NAME = AppIcon;
				ASSETCATALOG_COMPILER_GLOBAL_ACCENT_COLOR_NAME = AccentColor;
				CODE_SIGN_ENTITLEMENTS = GeneralKitExample/GeneralKitExample.entitlements;
				CODE_SIGN_STYLE = Automatic;
				CURRENT_PROJECT_VERSION = 1;
				DEVELOPMENT_ASSET_PATHS = "\"GeneralKitExample/Preview Content\"";
				DEVELOPMENT_TEAM = 8C7RSZ7C3V;
				ENABLE_HARDENED_RUNTIME = YES;
				ENABLE_PREVIEWS = YES;
				GENERATE_INFOPLIST_FILE = YES;
				INFOPLIST_FILE = GeneralKitExample/Info.plist;
				"INFOPLIST_KEY_UIApplicationSceneManifest_Generation[sdk=iphoneos*]" = YES;
				"INFOPLIST_KEY_UIApplicationSceneManifest_Generation[sdk=iphonesimulator*]" = YES;
				"INFOPLIST_KEY_UIApplicationSupportsIndirectInputEvents[sdk=iphoneos*]" = YES;
				"INFOPLIST_KEY_UIApplicationSupportsIndirectInputEvents[sdk=iphonesimulator*]" = YES;
				"INFOPLIST_KEY_UILaunchScreen_Generation[sdk=iphoneos*]" = YES;
				"INFOPLIST_KEY_UILaunchScreen_Generation[sdk=iphonesimulator*]" = YES;
				"INFOPLIST_KEY_UIStatusBarStyle[sdk=iphoneos*]" = UIStatusBarStyleDefault;
				"INFOPLIST_KEY_UIStatusBarStyle[sdk=iphonesimulator*]" = UIStatusBarStyleDefault;
				INFOPLIST_KEY_UISupportedInterfaceOrientations_iPad = "UIInterfaceOrientationPortrait UIInterfaceOrientationPortraitUpsideDown UIInterfaceOrientationLandscapeLeft UIInterfaceOrientationLandscapeRight";
				INFOPLIST_KEY_UISupportedInterfaceOrientations_iPhone = "UIInterfaceOrientationPortrait UIInterfaceOrientationLandscapeLeft UIInterfaceOrientationLandscapeRight";
				IPHONEOS_DEPLOYMENT_TARGET = 16.0;
				LD_RUNPATH_SEARCH_PATHS = "@executable_path/Frameworks";
				"LD_RUNPATH_SEARCH_PATHS[sdk=macosx*]" = "@executable_path/../Frameworks";
				MACOSX_DEPLOYMENT_TARGET = 12.3;
				MARKETING_VERSION = 1.0;
				PRODUCT_BUNDLE_IDENTIFIER = "com.salahmohamedText-wr.GeneralKitExample";
				PRODUCT_NAME = "$(TARGET_NAME)";
				SDKROOT = auto;
				SUPPORTED_PLATFORMS = "iphoneos iphonesimulator macosx";
				SWIFT_EMIT_LOC_STRINGS = YES;
				SWIFT_VERSION = 5.0;
				TARGETED_DEVICE_FAMILY = "1,2";
			};
			name = Release;
		};
		8B2A0C0028FD605300244000 /* Debug */ = {
			isa = XCBuildConfiguration;
			baseConfigurationReference = 30C79244BAE109FE37EF8932 /* Pods-GeneralKitUIKitExample.debug.xcconfig */;
			buildSettings = {
				ASSETCATALOG_COMPILER_APPICON_NAME = AppIcon;
				ASSETCATALOG_COMPILER_GLOBAL_ACCENT_COLOR_NAME = AccentColor;
				CODE_SIGN_STYLE = Automatic;
				CURRENT_PROJECT_VERSION = 1;
				DEVELOPMENT_TEAM = 8C7RSZ7C3V;
				GENERATE_INFOPLIST_FILE = YES;
				INFOPLIST_FILE = GeneralKitUIKitExample/Info.plist;
				INFOPLIST_KEY_UIApplicationSupportsIndirectInputEvents = YES;
				INFOPLIST_KEY_UILaunchStoryboardName = LaunchScreen;
				INFOPLIST_KEY_UIMainStoryboardFile = Main;
				INFOPLIST_KEY_UISupportedInterfaceOrientations_iPad = "UIInterfaceOrientationPortrait UIInterfaceOrientationPortraitUpsideDown UIInterfaceOrientationLandscapeLeft UIInterfaceOrientationLandscapeRight";
				INFOPLIST_KEY_UISupportedInterfaceOrientations_iPhone = "UIInterfaceOrientationPortrait UIInterfaceOrientationLandscapeLeft UIInterfaceOrientationLandscapeRight";
				IPHONEOS_DEPLOYMENT_TARGET = 16.0;
				LD_RUNPATH_SEARCH_PATHS = (
					"$(inherited)",
					"@executable_path/Frameworks",
				);
				MARKETING_VERSION = 1.0;
				PRODUCT_BUNDLE_IDENTIFIER = ad.GeneralKitUIKitExample;
				PRODUCT_NAME = "$(TARGET_NAME)";
				SWIFT_EMIT_LOC_STRINGS = YES;
				SWIFT_VERSION = 5.0;
				TARGETED_DEVICE_FAMILY = "1,2";
			};
			name = Debug;
		};
		8B2A0C0128FD605300244000 /* Release */ = {
			isa = XCBuildConfiguration;
			baseConfigurationReference = D362F567F333A3308FFF0A8C /* Pods-GeneralKitUIKitExample.release.xcconfig */;
			buildSettings = {
				ASSETCATALOG_COMPILER_APPICON_NAME = AppIcon;
				ASSETCATALOG_COMPILER_GLOBAL_ACCENT_COLOR_NAME = AccentColor;
				CODE_SIGN_STYLE = Automatic;
				CURRENT_PROJECT_VERSION = 1;
				DEVELOPMENT_TEAM = 8C7RSZ7C3V;
				GENERATE_INFOPLIST_FILE = YES;
				INFOPLIST_FILE = GeneralKitUIKitExample/Info.plist;
				INFOPLIST_KEY_UIApplicationSupportsIndirectInputEvents = YES;
				INFOPLIST_KEY_UILaunchStoryboardName = LaunchScreen;
				INFOPLIST_KEY_UIMainStoryboardFile = Main;
				INFOPLIST_KEY_UISupportedInterfaceOrientations_iPad = "UIInterfaceOrientationPortrait UIInterfaceOrientationPortraitUpsideDown UIInterfaceOrientationLandscapeLeft UIInterfaceOrientationLandscapeRight";
				INFOPLIST_KEY_UISupportedInterfaceOrientations_iPhone = "UIInterfaceOrientationPortrait UIInterfaceOrientationLandscapeLeft UIInterfaceOrientationLandscapeRight";
				IPHONEOS_DEPLOYMENT_TARGET = 16.0;
				LD_RUNPATH_SEARCH_PATHS = (
					"$(inherited)",
					"@executable_path/Frameworks",
				);
				MARKETING_VERSION = 1.0;
				PRODUCT_BUNDLE_IDENTIFIER = ad.GeneralKitUIKitExample;
				PRODUCT_NAME = "$(TARGET_NAME)";
				SWIFT_EMIT_LOC_STRINGS = YES;
				SWIFT_VERSION = 5.0;
				TARGETED_DEVICE_FAMILY = "1,2";
			};
			name = Release;
		};
		8B2A0C0328FD605300244000 /* Debug */ = {
			isa = XCBuildConfiguration;
			buildSettings = {
				ALWAYS_EMBED_SWIFT_STANDARD_LIBRARIES = YES;
				BUNDLE_LOADER = "$(TEST_HOST)";
				CODE_SIGN_STYLE = Automatic;
				CURRENT_PROJECT_VERSION = 1;
				DEVELOPMENT_TEAM = 8C7RSZ7C3V;
				GENERATE_INFOPLIST_FILE = YES;
				IPHONEOS_DEPLOYMENT_TARGET = 16.0;
				MARKETING_VERSION = 1.0;
				PRODUCT_BUNDLE_IDENTIFIER = ad.GeneralKitUIKitExampleTests;
				PRODUCT_NAME = "$(TARGET_NAME)";
				SWIFT_EMIT_LOC_STRINGS = NO;
				SWIFT_VERSION = 5.0;
				TARGETED_DEVICE_FAMILY = "1,2";
				TEST_HOST = "$(BUILT_PRODUCTS_DIR)/GeneralKitUIKitExample.app/$(BUNDLE_EXECUTABLE_FOLDER_PATH)/GeneralKitUIKitExample";
			};
			name = Debug;
		};
		8B2A0C0428FD605300244000 /* Release */ = {
			isa = XCBuildConfiguration;
			buildSettings = {
				ALWAYS_EMBED_SWIFT_STANDARD_LIBRARIES = YES;
				BUNDLE_LOADER = "$(TEST_HOST)";
				CODE_SIGN_STYLE = Automatic;
				CURRENT_PROJECT_VERSION = 1;
				DEVELOPMENT_TEAM = 8C7RSZ7C3V;
				GENERATE_INFOPLIST_FILE = YES;
				IPHONEOS_DEPLOYMENT_TARGET = 16.0;
				MARKETING_VERSION = 1.0;
				PRODUCT_BUNDLE_IDENTIFIER = ad.GeneralKitUIKitExampleTests;
				PRODUCT_NAME = "$(TARGET_NAME)";
				SWIFT_EMIT_LOC_STRINGS = NO;
				SWIFT_VERSION = 5.0;
				TARGETED_DEVICE_FAMILY = "1,2";
				TEST_HOST = "$(BUILT_PRODUCTS_DIR)/GeneralKitUIKitExample.app/$(BUNDLE_EXECUTABLE_FOLDER_PATH)/GeneralKitUIKitExample";
			};
			name = Release;
		};
		8B2A0C0628FD605300244000 /* Debug */ = {
			isa = XCBuildConfiguration;
			buildSettings = {
				ALWAYS_EMBED_SWIFT_STANDARD_LIBRARIES = YES;
				CODE_SIGN_STYLE = Automatic;
				CURRENT_PROJECT_VERSION = 1;
				DEVELOPMENT_TEAM = 8C7RSZ7C3V;
				GENERATE_INFOPLIST_FILE = YES;
				IPHONEOS_DEPLOYMENT_TARGET = 16.0;
				MARKETING_VERSION = 1.0;
				PRODUCT_BUNDLE_IDENTIFIER = ad.GeneralKitUIKitExampleUITests;
				PRODUCT_NAME = "$(TARGET_NAME)";
				SWIFT_EMIT_LOC_STRINGS = NO;
				SWIFT_VERSION = 5.0;
				TARGETED_DEVICE_FAMILY = "1,2";
				TEST_TARGET_NAME = GeneralKitUIKitExample;
			};
			name = Debug;
		};
		8B2A0C0728FD605300244000 /* Release */ = {
			isa = XCBuildConfiguration;
			buildSettings = {
				ALWAYS_EMBED_SWIFT_STANDARD_LIBRARIES = YES;
				CODE_SIGN_STYLE = Automatic;
				CURRENT_PROJECT_VERSION = 1;
				DEVELOPMENT_TEAM = 8C7RSZ7C3V;
				GENERATE_INFOPLIST_FILE = YES;
				IPHONEOS_DEPLOYMENT_TARGET = 16.0;
				MARKETING_VERSION = 1.0;
				PRODUCT_BUNDLE_IDENTIFIER = ad.GeneralKitUIKitExampleUITests;
				PRODUCT_NAME = "$(TARGET_NAME)";
				SWIFT_EMIT_LOC_STRINGS = NO;
				SWIFT_VERSION = 5.0;
				TARGETED_DEVICE_FAMILY = "1,2";
				TEST_TARGET_NAME = GeneralKitUIKitExample;
			};
			name = Release;
		};
		8B4EE94E2BA8E79A0094410B /* Debug */ = {
			isa = XCBuildConfiguration;
			baseConfigurationReference = 5F8D6BE989BC1CFC8EA5EA14 /* Pods-GeneralKitSwiftUIMacOsExample.debug.xcconfig */;
			buildSettings = {
				ASSETCATALOG_COMPILER_APPICON_NAME = AppIcon;
				ASSETCATALOG_COMPILER_GENERATE_SWIFT_ASSET_SYMBOL_EXTENSIONS = YES;
				ASSETCATALOG_COMPILER_GLOBAL_ACCENT_COLOR_NAME = AccentColor;
				CODE_SIGN_ENTITLEMENTS = GeneralKitSwiftUIMacOsExample/GeneralKitSwiftUIMacOsExample.entitlements;
				CODE_SIGN_STYLE = Automatic;
				COMBINE_HIDPI_IMAGES = YES;
				CURRENT_PROJECT_VERSION = 1;
				DEVELOPMENT_ASSET_PATHS = "\"GeneralKitSwiftUIMacOsExample/Preview Content\"";
				DEVELOPMENT_TEAM = 8C7RSZ7C3V;
				ENABLE_HARDENED_RUNTIME = YES;
				ENABLE_PREVIEWS = YES;
				ENABLE_USER_SCRIPT_SANDBOXING = NO;
				GCC_C_LANGUAGE_STANDARD = gnu17;
				GENERATE_INFOPLIST_FILE = YES;
				INFOPLIST_FILE = GeneralKitSwiftUIMacOsExample/Info.plist;
				INFOPLIST_KEY_NSHumanReadableCopyright = "";
				IPHONEOS_DEPLOYMENT_TARGET = 14.0;
				LD_RUNPATH_SEARCH_PATHS = (
					"$(inherited)",
					"@executable_path/../Frameworks",
				);
				LOCALIZATION_PREFERS_STRING_CATALOGS = YES;
				MACOSX_DEPLOYMENT_TARGET = 13.2;
				MARKETING_VERSION = 1.0;
				PRODUCT_BUNDLE_IDENTIFIER = ad.GeneralKitSwiftUIMacOsExample;
				PRODUCT_NAME = "$(TARGET_NAME)";
				SDKROOT = macosx;
				SWIFT_ACTIVE_COMPILATION_CONDITIONS = "DEBUG $(inherited)";
				SWIFT_EMIT_LOC_STRINGS = YES;
				SWIFT_VERSION = 5.0;
			};
			name = Debug;
		};
		8B4EE94F2BA8E79A0094410B /* Release */ = {
			isa = XCBuildConfiguration;
			baseConfigurationReference = 03DB3DFB2577804B6A78FEA4 /* Pods-GeneralKitSwiftUIMacOsExample.release.xcconfig */;
			buildSettings = {
				ASSETCATALOG_COMPILER_APPICON_NAME = AppIcon;
				ASSETCATALOG_COMPILER_GENERATE_SWIFT_ASSET_SYMBOL_EXTENSIONS = YES;
				ASSETCATALOG_COMPILER_GLOBAL_ACCENT_COLOR_NAME = AccentColor;
				CODE_SIGN_ENTITLEMENTS = GeneralKitSwiftUIMacOsExample/GeneralKitSwiftUIMacOsExample.entitlements;
				CODE_SIGN_STYLE = Automatic;
				COMBINE_HIDPI_IMAGES = YES;
				CURRENT_PROJECT_VERSION = 1;
				DEVELOPMENT_ASSET_PATHS = "\"GeneralKitSwiftUIMacOsExample/Preview Content\"";
				DEVELOPMENT_TEAM = 8C7RSZ7C3V;
				ENABLE_HARDENED_RUNTIME = YES;
				ENABLE_PREVIEWS = YES;
				ENABLE_USER_SCRIPT_SANDBOXING = NO;
				GCC_C_LANGUAGE_STANDARD = gnu17;
				GENERATE_INFOPLIST_FILE = YES;
				INFOPLIST_FILE = GeneralKitSwiftUIMacOsExample/Info.plist;
				INFOPLIST_KEY_NSHumanReadableCopyright = "";
				IPHONEOS_DEPLOYMENT_TARGET = 14.0;
				LD_RUNPATH_SEARCH_PATHS = (
					"$(inherited)",
					"@executable_path/../Frameworks",
				);
				LOCALIZATION_PREFERS_STRING_CATALOGS = YES;
				MACOSX_DEPLOYMENT_TARGET = 13.2;
				MARKETING_VERSION = 1.0;
				PRODUCT_BUNDLE_IDENTIFIER = ad.GeneralKitSwiftUIMacOsExample;
				PRODUCT_NAME = "$(TARGET_NAME)";
				SDKROOT = macosx;
				SWIFT_EMIT_LOC_STRINGS = YES;
				SWIFT_VERSION = 5.0;
			};
			name = Release;
		};
/* End XCBuildConfiguration section */

/* Begin XCConfigurationList section */
		4E20239628DE5190004DA975 /* Build configuration list for PBXProject "GeneralKit" */ = {
			isa = XCConfigurationList;
			buildConfigurations = (
				4E2023A128DE5190004DA975 /* Debug */,
				4E2023A228DE5190004DA975 /* Release */,
			);
			defaultConfigurationIsVisible = 0;
			defaultConfigurationName = Release;
		};
		4E2023A328DE5190004DA975 /* Build configuration list for PBXNativeTarget "GeneralKit" */ = {
			isa = XCConfigurationList;
			buildConfigurations = (
				4E2023A428DE5190004DA975 /* Debug */,
				4E2023A528DE5190004DA975 /* Release */,
			);
			defaultConfigurationIsVisible = 0;
			defaultConfigurationName = Release;
		};
		4ECFD2FE28DF415E006A5087 /* Build configuration list for PBXNativeTarget "GeneralKitExample" */ = {
			isa = XCConfigurationList;
			buildConfigurations = (
				4ECFD2FC28DF415E006A5087 /* Debug */,
				4ECFD2FD28DF415E006A5087 /* Release */,
			);
			defaultConfigurationIsVisible = 0;
			defaultConfigurationName = Release;
		};
		8B2A0BFF28FD605300244000 /* Build configuration list for PBXNativeTarget "GeneralKitUIKitExample" */ = {
			isa = XCConfigurationList;
			buildConfigurations = (
				8B2A0C0028FD605300244000 /* Debug */,
				8B2A0C0128FD605300244000 /* Release */,
			);
			defaultConfigurationIsVisible = 0;
			defaultConfigurationName = Release;
		};
		8B2A0C0228FD605300244000 /* Build configuration list for PBXNativeTarget "GeneralKitUIKitExampleTests" */ = {
			isa = XCConfigurationList;
			buildConfigurations = (
				8B2A0C0328FD605300244000 /* Debug */,
				8B2A0C0428FD605300244000 /* Release */,
			);
			defaultConfigurationIsVisible = 0;
			defaultConfigurationName = Release;
		};
		8B2A0C0528FD605300244000 /* Build configuration list for PBXNativeTarget "GeneralKitUIKitExampleUITests" */ = {
			isa = XCConfigurationList;
			buildConfigurations = (
				8B2A0C0628FD605300244000 /* Debug */,
				8B2A0C0728FD605300244000 /* Release */,
			);
			defaultConfigurationIsVisible = 0;
			defaultConfigurationName = Release;
		};
		8B4EE9502BA8E79A0094410B /* Build configuration list for PBXNativeTarget "GeneralKitSwiftUIMacOsExample" */ = {
			isa = XCConfigurationList;
			buildConfigurations = (
				8B4EE94E2BA8E79A0094410B /* Debug */,
				8B4EE94F2BA8E79A0094410B /* Release */,
			);
			defaultConfigurationIsVisible = 0;
			defaultConfigurationName = Release;
		};
/* End XCConfigurationList section */
	};
	rootObject = 4E20239328DE5190004DA975 /* Project object */;
}
